
Microsoft Visual Studio Solution File, Format Version 12.00
# Visual Studio 15
VisualStudioVersion = 15.0.28307.271
MinimumVisualStudioVersion = 10.0.40219.1
Project("{FAE04EC0-301F-11D3-BF4B-00C04F79EFBC}") = "WCSToWMSDemo", "..\WCSToWMSDemo\WCSToWMSDemo.csproj", "{11F5D76D-984B-473B-9079-8914CA88BD9D}"
EndProject
Project("{FAE04EC0-301F-11D3-BF4B-00C04F79EFBC}") = "WCS", "WCS.csproj", "{AC710043-5E14-4109-A484-B046BE83FF0D}"
EndProject
Project("{FAE04EC0-301F-11D3-BF4B-00C04F79EFBC}") = "AutoFeedBackWMSService", "..\AutoFeedBackWMSService\AutoFeedBackWMSService.csproj", "{76A74D79-26DD-41A7-B4AA-531A95405A32}"
EndProject
Project("{FAE04EC0-301F-11D3-BF4B-00C04F79EFBC}") = "RFIDDemo", "..\RFIDDemo\RFIDDemo.csproj", "{12559F18-65AF-452C-BC1C-469D21FA1B4F}"
EndProject
Project("{FAE04EC0-301F-11D3-BF4B-00C04F79EFBC}") = "RFIDControl", "..\RFIDControl\RFIDControl.csproj", "{6EC4FE29-6533-4CEF-991B-B9E021A307BA}"
	ProjectSection(ProjectDependencies) = postProject
		{F91B6F4F-03D8-4501-BAEE-41E497BF95BB} = {F91B6F4F-03D8-4501-BAEE-41E497BF95BB}
	EndProjectSection
EndProject
Project("{FAE04EC0-301F-11D3-BF4B-00C04F79EFBC}") = "LYLedControl", "..\LEDControl\LYLedControl\LYLedControl.csproj", "{B7611B6E-B816-4E97-A6B7-79F9A4DCC6E0}"
EndProject
Project("{FAE04EC0-301F-11D3-BF4B-00C04F79EFBC}") = "RFIDApp2001", "RFIDApp2001\RFIDApp2001.csproj", "{F91B6F4F-03D8-4501-BAEE-41E497BF95BB}"
EndProject
Project("{FAE04EC0-301F-11D3-BF4B-00C04F79EFBC}") = "NJIS.RFID.HBSEPD", "..\NJIS.RFID.HBSEPD\NJIS.RFID.HBSEPD.csproj", "{47F84143-1AC8-479A-854C-521A00C4442E}"
EndProject
Project("{FAE04EC0-301F-11D3-BF4B-00C04F79EFBC}") = "RFIDCA2019", "..\RFIDCA2019\RFIDCA2019.csproj", "{4660D602-ABBD-4E7E-B5FA-4ED67A5EE073}"
EndProject
Project("{FAE04EC0-301F-11D3-BF4B-00C04F79EFBC}") = "RFIDCA2017", "RFIDCA2017\RFIDCA2017.csproj", "{743C5472-CEFD-4377-A1DE-CF35956BC712}"
EndProject
Project("{FAE04EC0-301F-11D3-BF4B-00C04F79EFBC}") = "RFIDCA2015", "RFIDCA2015\RFIDCA2015.csproj", "{42158E2A-ECF3-41B9-B6C0-7366FD8EB8DA}"
EndProject
Project("{FAE04EC0-301F-11D3-BF4B-00C04F79EFBC}") = "RFIDCA2007", "RFIDCA2007\RFIDCA2007.csproj", "{A017B593-E9C1-4647-B695-5A0777C00F90}"
EndProject
Project("{FAE04EC0-301F-11D3-BF4B-00C04F79EFBC}") = "RFIDCA20011", "RFIDCA20011\RFIDCA20011.csproj", "{943C3005-6842-4FAD-B132-E1A6B37ACD00}"
EndProject
Project("{FAE04EC0-301F-11D3-BF4B-00C04F79EFBC}") = "RFIDCA20012", "RFIDCA20012\RFIDCA20012.csproj", "{3D9FDCD1-0886-4A39-B81F-C790C15EEC34}"
EndProject
Project("{FAE04EC0-301F-11D3-BF4B-00C04F79EFBC}") = "RFIDCA20021", "RFIDCA20021\RFIDCA20021.csproj", "{4F8340FE-9065-46B6-B4E7-3FB44777966D}"
EndProject
Project("{FAE04EC0-301F-11D3-BF4B-00C04F79EFBC}") = "RFIDCA20022", "RFIDCA20022\RFIDCA20022.csproj", "{A4C56AAA-AF40-4F72-AEDA-755A5F408D41}"
EndProject
Project("{FAE04EC0-301F-11D3-BF4B-00C04F79EFBC}") = "RFIDCA2012", "RFIDCA2012\RFIDCA2012.csproj", "{6141516F-FF12-423F-8030-0254AF62B8D5}"
EndProject
Project("{FAE04EC0-301F-11D3-BF4B-00C04F79EFBC}") = "RFIDCA2010", "RFIDCA2010\RFIDCA2010.csproj", "{82B1BE8F-933A-45A1-B5F5-A3096150EF39}"
EndProject
Project("{FAE04EC0-301F-11D3-BF4B-00C04F79EFBC}") = "LEDAPPConsole", "..\LEDLinXin\LEDAPPConsole\LEDAPPConsole.csproj", "{10F07291-7386-4F2E-8CF1-7A1ED4363C03}"
EndProject
Global
	GlobalSection(SolutionConfigurationPlatforms) = preSolution
		Debug|Any CPU = Debug|Any CPU
		Debug|Mixed Platforms = Debug|Mixed Platforms
		Debug|x86 = Debug|x86
		Release|Any CPU = Release|Any CPU
		Release|Mixed Platforms = Release|Mixed Platforms
		Release|x86 = Release|x86
	EndGlobalSection
	GlobalSection(ProjectConfigurationPlatforms) = postSolution
		{11F5D76D-984B-473B-9079-8914CA88BD9D}.Debug|Any CPU.ActiveCfg = Debug|Any CPU
		{11F5D76D-984B-473B-9079-8914CA88BD9D}.Debug|Any CPU.Build.0 = Debug|Any CPU
		{11F5D76D-984B-473B-9079-8914CA88BD9D}.Debug|Mixed Platforms.ActiveCfg = Debug|Any CPU
		{11F5D76D-984B-473B-9079-8914CA88BD9D}.Debug|Mixed Platforms.Build.0 = Debug|Any CPU
		{11F5D76D-984B-473B-9079-8914CA88BD9D}.Debug|x86.ActiveCfg = Debug|Any CPU
		{11F5D76D-984B-473B-9079-8914CA88BD9D}.Debug|x86.Build.0 = Debug|Any CPU
		{11F5D76D-984B-473B-9079-8914CA88BD9D}.Release|Any CPU.ActiveCfg = Release|Any CPU
		{11F5D76D-984B-473B-9079-8914CA88BD9D}.Release|Any CPU.Build.0 = Release|Any CPU
		{11F5D76D-984B-473B-9079-8914CA88BD9D}.Release|Mixed Platforms.ActiveCfg = Release|Any CPU
		{11F5D76D-984B-473B-9079-8914CA88BD9D}.Release|Mixed Platforms.Build.0 = Release|Any CPU
		{11F5D76D-984B-473B-9079-8914CA88BD9D}.Release|x86.ActiveCfg = Release|Any CPU
		{11F5D76D-984B-473B-9079-8914CA88BD9D}.Release|x86.Build.0 = Release|Any CPU
		{AC710043-5E14-4109-A484-B046BE83FF0D}.Debug|Any CPU.ActiveCfg = Debug|Any CPU
		{AC710043-5E14-4109-A484-B046BE83FF0D}.Debug|Any CPU.Build.0 = Debug|Any CPU
		{AC710043-5E14-4109-A484-B046BE83FF0D}.Debug|Mixed Platforms.ActiveCfg = Debug|Any CPU
		{AC710043-5E14-4109-A484-B046BE83FF0D}.Debug|Mixed Platforms.Build.0 = Debug|Any CPU
		{AC710043-5E14-4109-A484-B046BE83FF0D}.Debug|x86.ActiveCfg = Debug|Any CPU
		{AC710043-5E14-4109-A484-B046BE83FF0D}.Debug|x86.Build.0 = Debug|Any CPU
		{AC710043-5E14-4109-A484-B046BE83FF0D}.Release|Any CPU.ActiveCfg = Release|Any CPU
		{AC710043-5E14-4109-A484-B046BE83FF0D}.Release|Any CPU.Build.0 = Release|Any CPU
		{AC710043-5E14-4109-A484-B046BE83FF0D}.Release|Mixed Platforms.ActiveCfg = Release|Any CPU
		{AC710043-5E14-4109-A484-B046BE83FF0D}.Release|Mixed Platforms.Build.0 = Release|Any CPU
		{AC710043-5E14-4109-A484-B046BE83FF0D}.Release|x86.ActiveCfg = Release|Any CPU
		{AC710043-5E14-4109-A484-B046BE83FF0D}.Release|x86.Build.0 = Release|Any CPU
		{76A74D79-26DD-41A7-B4AA-531A95405A32}.Debug|Any CPU.ActiveCfg = Debug|Any CPU
		{76A74D79-26DD-41A7-B4AA-531A95405A32}.Debug|Any CPU.Build.0 = Debug|Any CPU
		{76A74D79-26DD-41A7-B4AA-531A95405A32}.Debug|Mixed Platforms.ActiveCfg = Debug|Any CPU
		{76A74D79-26DD-41A7-B4AA-531A95405A32}.Debug|Mixed Platforms.Build.0 = Debug|Any CPU
		{76A74D79-26DD-41A7-B4AA-531A95405A32}.Debug|x86.ActiveCfg = Debug|Any CPU
		{76A74D79-26DD-41A7-B4AA-531A95405A32}.Debug|x86.Build.0 = Debug|Any CPU
		{76A74D79-26DD-41A7-B4AA-531A95405A32}.Release|Any CPU.ActiveCfg = Release|Any CPU
		{76A74D79-26DD-41A7-B4AA-531A95405A32}.Release|Any CPU.Build.0 = Release|Any CPU
		{76A74D79-26DD-41A7-B4AA-531A95405A32}.Release|Mixed Platforms.ActiveCfg = Release|Any CPU
		{76A74D79-26DD-41A7-B4AA-531A95405A32}.Release|Mixed Platforms.Build.0 = Release|Any CPU
		{76A74D79-26DD-41A7-B4AA-531A95405A32}.Release|x86.ActiveCfg = Release|Any CPU
		{76A74D79-26DD-41A7-B4AA-531A95405A32}.Release|x86.Build.0 = Release|Any CPU
		{12559F18-65AF-452C-BC1C-469D21FA1B4F}.Debug|Any CPU.ActiveCfg = Debug|Any CPU
		{12559F18-65AF-452C-BC1C-469D21FA1B4F}.Debug|Any CPU.Build.0 = Debug|Any CPU
		{12559F18-65AF-452C-BC1C-469D21FA1B4F}.Debug|Mixed Platforms.ActiveCfg = Debug|Any CPU
		{12559F18-65AF-452C-BC1C-469D21FA1B4F}.Debug|Mixed Platforms.Build.0 = Debug|Any CPU
		{12559F18-65AF-452C-BC1C-469D21FA1B4F}.Debug|x86.ActiveCfg = Debug|Any CPU
		{12559F18-65AF-452C-BC1C-469D21FA1B4F}.Debug|x86.Build.0 = Debug|Any CPU
		{12559F18-65AF-452C-BC1C-469D21FA1B4F}.Release|Any CPU.ActiveCfg = Release|Any CPU
		{12559F18-65AF-452C-BC1C-469D21FA1B4F}.Release|Any CPU.Build.0 = Release|Any CPU
		{12559F18-65AF-452C-BC1C-469D21FA1B4F}.Release|Mixed Platforms.ActiveCfg = Release|Any CPU
		{12559F18-65AF-452C-BC1C-469D21FA1B4F}.Release|Mixed Platforms.Build.0 = Release|Any CPU
		{12559F18-65AF-452C-BC1C-469D21FA1B4F}.Release|x86.ActiveCfg = Release|Any CPU
		{12559F18-65AF-452C-BC1C-469D21FA1B4F}.Release|x86.Build.0 = Release|Any CPU
		{6EC4FE29-6533-4CEF-991B-B9E021A307BA}.Debug|Any CPU.ActiveCfg = Debug|Any CPU
		{6EC4FE29-6533-4CEF-991B-B9E021A307BA}.Debug|Any CPU.Build.0 = Debug|Any CPU
		{6EC4FE29-6533-4CEF-991B-B9E021A307BA}.Debug|Mixed Platforms.ActiveCfg = Debug|Any CPU
		{6EC4FE29-6533-4CEF-991B-B9E021A307BA}.Debug|Mixed Platforms.Build.0 = Debug|Any CPU
		{6EC4FE29-6533-4CEF-991B-B9E021A307BA}.Debug|x86.ActiveCfg = Debug|Any CPU
		{6EC4FE29-6533-4CEF-991B-B9E021A307BA}.Debug|x86.Build.0 = Debug|Any CPU
		{6EC4FE29-6533-4CEF-991B-B9E021A307BA}.Release|Any CPU.ActiveCfg = Release|Any CPU
		{6EC4FE29-6533-4CEF-991B-B9E021A307BA}.Release|Any CPU.Build.0 = Release|Any CPU
		{6EC4FE29-6533-4CEF-991B-B9E021A307BA}.Release|Mixed Platforms.ActiveCfg = Release|Any CPU
		{6EC4FE29-6533-4CEF-991B-B9E021A307BA}.Release|Mixed Platforms.Build.0 = Release|Any CPU
		{6EC4FE29-6533-4CEF-991B-B9E021A307BA}.Release|x86.ActiveCfg = Release|Any CPU
		{6EC4FE29-6533-4CEF-991B-B9E021A307BA}.Release|x86.Build.0 = Release|Any CPU
		{B7611B6E-B816-4E97-A6B7-79F9A4DCC6E0}.Debug|Any CPU.ActiveCfg = Debug|Any CPU
		{B7611B6E-B816-4E97-A6B7-79F9A4DCC6E0}.Debug|Any CPU.Build.0 = Debug|Any CPU
		{B7611B6E-B816-4E97-A6B7-79F9A4DCC6E0}.Debug|Mixed Platforms.ActiveCfg = Debug|Any CPU
		{B7611B6E-B816-4E97-A6B7-79F9A4DCC6E0}.Debug|Mixed Platforms.Build.0 = Debug|Any CPU
		{B7611B6E-B816-4E97-A6B7-79F9A4DCC6E0}.Debug|x86.ActiveCfg = Debug|Any CPU
		{B7611B6E-B816-4E97-A6B7-79F9A4DCC6E0}.Debug|x86.Build.0 = Debug|Any CPU
		{B7611B6E-B816-4E97-A6B7-79F9A4DCC6E0}.Release|Any CPU.ActiveCfg = Release|Any CPU
		{B7611B6E-B816-4E97-A6B7-79F9A4DCC6E0}.Release|Any CPU.Build.0 = Release|Any CPU
		{B7611B6E-B816-4E97-A6B7-79F9A4DCC6E0}.Release|Mixed Platforms.ActiveCfg = Release|Any CPU
		{B7611B6E-B816-4E97-A6B7-79F9A4DCC6E0}.Release|Mixed Platforms.Build.0 = Release|Any CPU
		{B7611B6E-B816-4E97-A6B7-79F9A4DCC6E0}.Release|x86.ActiveCfg = Release|Any CPU
		{B7611B6E-B816-4E97-A6B7-79F9A4DCC6E0}.Release|x86.Build.0 = Release|Any CPU
		{F91B6F4F-03D8-4501-BAEE-41E497BF95BB}.Debug|Any CPU.ActiveCfg = Debug|Any CPU
		{F91B6F4F-03D8-4501-BAEE-41E497BF95BB}.Debug|Any CPU.Build.0 = Debug|Any CPU
		{F91B6F4F-03D8-4501-BAEE-41E497BF95BB}.Debug|Mixed Platforms.ActiveCfg = Debug|Any CPU
		{F91B6F4F-03D8-4501-BAEE-41E497BF95BB}.Debug|Mixed Platforms.Build.0 = Debug|Any CPU
		{F91B6F4F-03D8-4501-BAEE-41E497BF95BB}.Debug|x86.ActiveCfg = Debug|Any CPU
		{F91B6F4F-03D8-4501-BAEE-41E497BF95BB}.Debug|x86.Build.0 = Debug|Any CPU
		{F91B6F4F-03D8-4501-BAEE-41E497BF95BB}.Release|Any CPU.ActiveCfg = Release|Any CPU
		{F91B6F4F-03D8-4501-BAEE-41E497BF95BB}.Release|Any CPU.Build.0 = Release|Any CPU
		{F91B6F4F-03D8-4501-BAEE-41E497BF95BB}.Release|Mixed Platforms.ActiveCfg = Release|Any CPU
		{F91B6F4F-03D8-4501-BAEE-41E497BF95BB}.Release|Mixed Platforms.Build.0 = Release|Any CPU
		{F91B6F4F-03D8-4501-BAEE-41E497BF95BB}.Release|x86.ActiveCfg = Release|Any CPU
		{F91B6F4F-03D8-4501-BAEE-41E497BF95BB}.Release|x86.Build.0 = Release|Any CPU
		{47F84143-1AC8-479A-854C-521A00C4442E}.Debug|Any CPU.ActiveCfg = Debug|Any CPU
		{47F84143-1AC8-479A-854C-521A00C4442E}.Debug|Any CPU.Build.0 = Debug|Any CPU
		{47F84143-1AC8-479A-854C-521A00C4442E}.Debug|Mixed Platforms.ActiveCfg = Debug|Any CPU
		{47F84143-1AC8-479A-854C-521A00C4442E}.Debug|Mixed Platforms.Build.0 = Debug|Any CPU
		{47F84143-1AC8-479A-854C-521A00C4442E}.Debug|x86.ActiveCfg = Debug|Any CPU
		{47F84143-1AC8-479A-854C-521A00C4442E}.Debug|x86.Build.0 = Debug|Any CPU
		{47F84143-1AC8-479A-854C-521A00C4442E}.Release|Any CPU.ActiveCfg = Release|Any CPU
		{47F84143-1AC8-479A-854C-521A00C4442E}.Release|Any CPU.Build.0 = Release|Any CPU
		{47F84143-1AC8-479A-854C-521A00C4442E}.Release|Mixed Platforms.ActiveCfg = Release|Any CPU
		{47F84143-1AC8-479A-854C-521A00C4442E}.Release|Mixed Platforms.Build.0 = Release|Any CPU
		{47F84143-1AC8-479A-854C-521A00C4442E}.Release|x86.ActiveCfg = Release|Any CPU
		{47F84143-1AC8-479A-854C-521A00C4442E}.Release|x86.Build.0 = Release|Any CPU
		{4660D602-ABBD-4E7E-B5FA-4ED67A5EE073}.Debug|Any CPU.ActiveCfg = Debug|Any CPU
		{4660D602-ABBD-4E7E-B5FA-4ED67A5EE073}.Debug|Any CPU.Build.0 = Debug|Any CPU
		{4660D602-ABBD-4E7E-B5FA-4ED67A5EE073}.Debug|Mixed Platforms.ActiveCfg = Debug|Any CPU
		{4660D602-ABBD-4E7E-B5FA-4ED67A5EE073}.Debug|Mixed Platforms.Build.0 = Debug|Any CPU
		{4660D602-ABBD-4E7E-B5FA-4ED67A5EE073}.Debug|x86.ActiveCfg = Debug|Any CPU
		{4660D602-ABBD-4E7E-B5FA-4ED67A5EE073}.Debug|x86.Build.0 = Debug|Any CPU
		{4660D602-ABBD-4E7E-B5FA-4ED67A5EE073}.Release|Any CPU.ActiveCfg = Release|Any CPU
		{4660D602-ABBD-4E7E-B5FA-4ED67A5EE073}.Release|Any CPU.Build.0 = Release|Any CPU
		{4660D602-ABBD-4E7E-B5FA-4ED67A5EE073}.Release|Mixed Platforms.ActiveCfg = Release|Any CPU
		{4660D602-ABBD-4E7E-B5FA-4ED67A5EE073}.Release|Mixed Platforms.Build.0 = Release|Any CPU
		{4660D602-ABBD-4E7E-B5FA-4ED67A5EE073}.Release|x86.ActiveCfg = Release|Any CPU
		{4660D602-ABBD-4E7E-B5FA-4ED67A5EE073}.Release|x86.Build.0 = Release|Any CPU
		{743C5472-CEFD-4377-A1DE-CF35956BC712}.Debug|Any CPU.ActiveCfg = Debug|Any CPU
		{743C5472-CEFD-4377-A1DE-CF35956BC712}.Debug|Any CPU.Build.0 = Debug|Any CPU
		{743C5472-CEFD-4377-A1DE-CF35956BC712}.Debug|Mixed Platforms.ActiveCfg = Debug|Any CPU
		{743C5472-CEFD-4377-A1DE-CF35956BC712}.Debug|Mixed Platforms.Build.0 = Debug|Any CPU
		{743C5472-CEFD-4377-A1DE-CF35956BC712}.Debug|x86.ActiveCfg = Debug|Any CPU
		{743C5472-CEFD-4377-A1DE-CF35956BC712}.Debug|x86.Build.0 = Debug|Any CPU
		{743C5472-CEFD-4377-A1DE-CF35956BC712}.Release|Any CPU.ActiveCfg = Release|Any CPU
		{743C5472-CEFD-4377-A1DE-CF35956BC712}.Release|Any CPU.Build.0 = Release|Any CPU
		{743C5472-CEFD-4377-A1DE-CF35956BC712}.Release|Mixed Platforms.ActiveCfg = Release|Any CPU
		{743C5472-CEFD-4377-A1DE-CF35956BC712}.Release|Mixed Platforms.Build.0 = Release|Any CPU
		{743C5472-CEFD-4377-A1DE-CF35956BC712}.Release|x86.ActiveCfg = Release|Any CPU
		{743C5472-CEFD-4377-A1DE-CF35956BC712}.Release|x86.Build.0 = Release|Any CPU
		{42158E2A-ECF3-41B9-B6C0-7366FD8EB8DA}.Debug|Any CPU.ActiveCfg = Debug|Any CPU
		{42158E2A-ECF3-41B9-B6C0-7366FD8EB8DA}.Debug|Any CPU.Build.0 = Debug|Any CPU
		{42158E2A-ECF3-41B9-B6C0-7366FD8EB8DA}.Debug|Mixed Platforms.ActiveCfg = Debug|Any CPU
		{42158E2A-ECF3-41B9-B6C0-7366FD8EB8DA}.Debug|Mixed Platforms.Build.0 = Debug|Any CPU
		{42158E2A-ECF3-41B9-B6C0-7366FD8EB8DA}.Debug|x86.ActiveCfg = Debug|Any CPU
		{42158E2A-ECF3-41B9-B6C0-7366FD8EB8DA}.Debug|x86.Build.0 = Debug|Any CPU
		{42158E2A-ECF3-41B9-B6C0-7366FD8EB8DA}.Release|Any CPU.ActiveCfg = Release|Any CPU
		{42158E2A-ECF3-41B9-B6C0-7366FD8EB8DA}.Release|Any CPU.Build.0 = Release|Any CPU
		{42158E2A-ECF3-41B9-B6C0-7366FD8EB8DA}.Release|Mixed Platforms.ActiveCfg = Release|Any CPU
		{42158E2A-ECF3-41B9-B6C0-7366FD8EB8DA}.Release|Mixed Platforms.Build.0 = Release|Any CPU
		{42158E2A-ECF3-41B9-B6C0-7366FD8EB8DA}.Release|x86.ActiveCfg = Release|Any CPU
		{42158E2A-ECF3-41B9-B6C0-7366FD8EB8DA}.Release|x86.Build.0 = Release|Any CPU
		{A017B593-E9C1-4647-B695-5A0777C00F90}.Debug|Any CPU.ActiveCfg = Debug|Any CPU
		{A017B593-E9C1-4647-B695-5A0777C00F90}.Debug|Any CPU.Build.0 = Debug|Any CPU
		{A017B593-E9C1-4647-B695-5A0777C00F90}.Debug|Mixed Platforms.ActiveCfg = Debug|Any CPU
		{A017B593-E9C1-4647-B695-5A0777C00F90}.Debug|Mixed Platforms.Build.0 = Debug|Any CPU
		{A017B593-E9C1-4647-B695-5A0777C00F90}.Debug|x86.ActiveCfg = Debug|Any CPU
		{A017B593-E9C1-4647-B695-5A0777C00F90}.Debug|x86.Build.0 = Debug|Any CPU
		{A017B593-E9C1-4647-B695-5A0777C00F90}.Release|Any CPU.ActiveCfg = Release|Any CPU
		{A017B593-E9C1-4647-B695-5A0777C00F90}.Release|Any CPU.Build.0 = Release|Any CPU
		{A017B593-E9C1-4647-B695-5A0777C00F90}.Release|Mixed Platforms.ActiveCfg = Release|Any CPU
		{A017B593-E9C1-4647-B695-5A0777C00F90}.Release|Mixed Platforms.Build.0 = Release|Any CPU
		{A017B593-E9C1-4647-B695-5A0777C00F90}.Release|x86.ActiveCfg = Release|Any CPU
		{A017B593-E9C1-4647-B695-5A0777C00F90}.Release|x86.Build.0 = Release|Any CPU
		{943C3005-6842-4FAD-B132-E1A6B37ACD00}.Debug|Any CPU.ActiveCfg = Debug|Any CPU
		{943C3005-6842-4FAD-B132-E1A6B37ACD00}.Debug|Any CPU.Build.0 = Debug|Any CPU
		{943C3005-6842-4FAD-B132-E1A6B37ACD00}.Debug|Mixed Platforms.ActiveCfg = Debug|Any CPU
		{943C3005-6842-4FAD-B132-E1A6B37ACD00}.Debug|Mixed Platforms.Build.0 = Debug|Any CPU
		{943C3005-6842-4FAD-B132-E1A6B37ACD00}.Debug|x86.ActiveCfg = Debug|Any CPU
		{943C3005-6842-4FAD-B132-E1A6B37ACD00}.Debug|x86.Build.0 = Debug|Any CPU
		{943C3005-6842-4FAD-B132-E1A6B37ACD00}.Release|Any CPU.ActiveCfg = Release|Any CPU
		{943C3005-6842-4FAD-B132-E1A6B37ACD00}.Release|Any CPU.Build.0 = Release|Any CPU
		{943C3005-6842-4FAD-B132-E1A6B37ACD00}.Release|Mixed Platforms.ActiveCfg = Release|Any CPU
		{943C3005-6842-4FAD-B132-E1A6B37ACD00}.Release|Mixed Platforms.Build.0 = Release|Any CPU
		{943C3005-6842-4FAD-B132-E1A6B37ACD00}.Release|x86.ActiveCfg = Release|Any CPU
		{943C3005-6842-4FAD-B132-E1A6B37ACD00}.Release|x86.Build.0 = Release|Any CPU
		{3D9FDCD1-0886-4A39-B81F-C790C15EEC34}.Debug|Any CPU.ActiveCfg = Debug|Any CPU
		{3D9FDCD1-0886-4A39-B81F-C790C15EEC34}.Debug|Any CPU.Build.0 = Debug|Any CPU
		{3D9FDCD1-0886-4A39-B81F-C790C15EEC34}.Debug|Mixed Platforms.ActiveCfg = Debug|Any CPU
		{3D9FDCD1-0886-4A39-B81F-C790C15EEC34}.Debug|Mixed Platforms.Build.0 = Debug|Any CPU
		{3D9FDCD1-0886-4A39-B81F-C790C15EEC34}.Debug|x86.ActiveCfg = Debug|Any CPU
		{3D9FDCD1-0886-4A39-B81F-C790C15EEC34}.Debug|x86.Build.0 = Debug|Any CPU
		{3D9FDCD1-0886-4A39-B81F-C790C15EEC34}.Release|Any CPU.ActiveCfg = Release|Any CPU
		{3D9FDCD1-0886-4A39-B81F-C790C15EEC34}.Release|Any CPU.Build.0 = Release|Any CPU
		{3D9FDCD1-0886-4A39-B81F-C790C15EEC34}.Release|Mixed Platforms.ActiveCfg = Release|Any CPU
		{3D9FDCD1-0886-4A39-B81F-C790C15EEC34}.Release|Mixed Platforms.Build.0 = Release|Any CPU
		{3D9FDCD1-0886-4A39-B81F-C790C15EEC34}.Release|x86.ActiveCfg = Release|Any CPU
		{3D9FDCD1-0886-4A39-B81F-C790C15EEC34}.Release|x86.Build.0 = Release|Any CPU
		{4F8340FE-9065-46B6-B4E7-3FB44777966D}.Debug|Any CPU.ActiveCfg = Debug|Any CPU
		{4F8340FE-9065-46B6-B4E7-3FB44777966D}.Debug|Any CPU.Build.0 = Debug|Any CPU
		{4F8340FE-9065-46B6-B4E7-3FB44777966D}.Debug|Mixed Platforms.ActiveCfg = Debug|Any CPU
		{4F8340FE-9065-46B6-B4E7-3FB44777966D}.Debug|Mixed Platforms.Build.0 = Debug|Any CPU
		{4F8340FE-9065-46B6-B4E7-3FB44777966D}.Debug|x86.ActiveCfg = Debug|Any CPU
		{4F8340FE-9065-46B6-B4E7-3FB44777966D}.Debug|x86.Build.0 = Debug|Any CPU
		{4F8340FE-9065-46B6-B4E7-3FB44777966D}.Release|Any CPU.ActiveCfg = Release|Any CPU
		{4F8340FE-9065-46B6-B4E7-3FB44777966D}.Release|Any CPU.Build.0 = Release|Any CPU
		{4F8340FE-9065-46B6-B4E7-3FB44777966D}.Release|Mixed Platforms.ActiveCfg = Release|Any CPU
		{4F8340FE-9065-46B6-B4E7-3FB44777966D}.Release|Mixed Platforms.Build.0 = Release|Any CPU
		{4F8340FE-9065-46B6-B4E7-3FB44777966D}.Release|x86.ActiveCfg = Release|Any CPU
		{4F8340FE-9065-46B6-B4E7-3FB44777966D}.Release|x86.Build.0 = Release|Any CPU
		{A4C56AAA-AF40-4F72-AEDA-755A5F408D41}.Debug|Any CPU.ActiveCfg = Debug|Any CPU
		{A4C56AAA-AF40-4F72-AEDA-755A5F408D41}.Debug|Any CPU.Build.0 = Debug|Any CPU
		{A4C56AAA-AF40-4F72-AEDA-755A5F408D41}.Debug|Mixed Platforms.ActiveCfg = Debug|Any CPU
		{A4C56AAA-AF40-4F72-AEDA-755A5F408D41}.Debug|Mixed Platforms.Build.0 = Debug|Any CPU
		{A4C56AAA-AF40-4F72-AEDA-755A5F408D41}.Debug|x86.ActiveCfg = Debug|Any CPU
		{A4C56AAA-AF40-4F72-AEDA-755A5F408D41}.Debug|x86.Build.0 = Debug|Any CPU
		{A4C56AAA-AF40-4F72-AEDA-755A5F408D41}.Release|Any CPU.ActiveCfg = Release|Any CPU
		{A4C56AAA-AF40-4F72-AEDA-755A5F408D41}.Release|Any CPU.Build.0 = Release|Any CPU
		{A4C56AAA-AF40-4F72-AEDA-755A5F408D41}.Release|Mixed Platforms.ActiveCfg = Release|Any CPU
		{A4C56AAA-AF40-4F72-AEDA-755A5F408D41}.Release|Mixed Platforms.Build.0 = Release|Any CPU
		{A4C56AAA-AF40-4F72-AEDA-755A5F408D41}.Release|x86.ActiveCfg = Release|Any CPU
		{A4C56AAA-AF40-4F72-AEDA-755A5F408D41}.Release|x86.Build.0 = Release|Any CPU
		{6141516F-FF12-423F-8030-0254AF62B8D5}.Debug|Any CPU.ActiveCfg = Debug|Any CPU
		{6141516F-FF12-423F-8030-0254AF62B8D5}.Debug|Any CPU.Build.0 = Debug|Any CPU
		{6141516F-FF12-423F-8030-0254AF62B8D5}.Debug|Mixed Platforms.ActiveCfg = Debug|Any CPU
		{6141516F-FF12-423F-8030-0254AF62B8D5}.Debug|Mixed Platforms.Build.0 = Debug|Any CPU
		{6141516F-FF12-423F-8030-0254AF62B8D5}.Debug|x86.ActiveCfg = Debug|Any CPU
		{6141516F-FF12-423F-8030-0254AF62B8D5}.Debug|x86.Build.0 = Debug|Any CPU
		{6141516F-FF12-423F-8030-0254AF62B8D5}.Release|Any CPU.ActiveCfg = Release|Any CPU
		{6141516F-FF12-423F-8030-0254AF62B8D5}.Release|Any CPU.Build.0 = Release|Any CPU
		{6141516F-FF12-423F-8030-0254AF62B8D5}.Release|Mixed Platforms.ActiveCfg = Release|Any CPU
		{6141516F-FF12-423F-8030-0254AF62B8D5}.Release|Mixed Platforms.Build.0 = Release|Any CPU
		{6141516F-FF12-423F-8030-0254AF62B8D5}.Release|x86.ActiveCfg = Release|Any CPU
		{6141516F-FF12-423F-8030-0254AF62B8D5}.Release|x86.Build.0 = Release|Any CPU
		{82B1BE8F-933A-45A1-B5F5-A3096150EF39}.Debug|Any CPU.ActiveCfg = Debug|Any CPU
		{82B1BE8F-933A-45A1-B5F5-A3096150EF39}.Debug|Any CPU.Build.0 = Debug|Any CPU
		{82B1BE8F-933A-45A1-B5F5-A3096150EF39}.Debug|Mixed Platforms.ActiveCfg = Debug|Any CPU
		{82B1BE8F-933A-45A1-B5F5-A3096150EF39}.Debug|Mixed Platforms.Build.0 = Debug|Any CPU
		{82B1BE8F-933A-45A1-B5F5-A3096150EF39}.Debug|x86.ActiveCfg = Debug|Any CPU
		{82B1BE8F-933A-45A1-B5F5-A3096150EF39}.Debug|x86.Build.0 = Debug|Any CPU
		{82B1BE8F-933A-45A1-B5F5-A3096150EF39}.Release|Any CPU.ActiveCfg = Release|Any CPU
		{82B1BE8F-933A-45A1-B5F5-A3096150EF39}.Release|Any CPU.Build.0 = Release|Any CPU
		{82B1BE8F-933A-45A1-B5F5-A3096150EF39}.Release|Mixed Platforms.ActiveCfg = Release|Any CPU
		{82B1BE8F-933A-45A1-B5F5-A3096150EF39}.Release|Mixed Platforms.Build.0 = Release|Any CPU
		{82B1BE8F-933A-45A1-B5F5-A3096150EF39}.Release|x86.ActiveCfg = Release|Any CPU
		{82B1BE8F-933A-45A1-B5F5-A3096150EF39}.Release|x86.Build.0 = Release|Any CPU
		{10F07291-7386-4F2E-8CF1-7A1ED4363C03}.Debug|Any CPU.ActiveCfg = Debug|Any CPU
		{10F07291-7386-4F2E-8CF1-7A1ED4363C03}.Debug|Any CPU.Build.0 = Debug|Any CPU
		{10F07291-7386-4F2E-8CF1-7A1ED4363C03}.Debug|Mixed Platforms.ActiveCfg = Debug|Any CPU
		{10F07291-7386-4F2E-8CF1-7A1ED4363C03}.Debug|Mixed Platforms.Build.0 = Debug|Any CPU
		{10F07291-7386-4F2E-8CF1-7A1ED4363C03}.Debug|x86.ActiveCfg = Debug|Any CPU
		{10F07291-7386-4F2E-8CF1-7A1ED4363C03}.Debug|x86.Build.0 = Debug|Any CPU
		{10F07291-7386-4F2E-8CF1-7A1ED4363C03}.Release|Any CPU.ActiveCfg = Release|Any CPU
		{10F07291-7386-4F2E-8CF1-7A1ED4363C03}.Release|Any CPU.Build.0 = Release|Any CPU
		{10F07291-7386-4F2E-8CF1-7A1ED4363C03}.Release|Mixed Platforms.ActiveCfg = Release|Any CPU
		{10F07291-7386-4F2E-8CF1-7A1ED4363C03}.Release|Mixed Platforms.Build.0 = Release|Any CPU
		{10F07291-7386-4F2E-8CF1-7A1ED4363C03}.Release|x86.ActiveCfg = Release|Any CPU
		{10F07291-7386-4F2E-8CF1-7A1ED4363C03}.Release|x86.Build.0 = Release|Any CPU
	EndGlobalSection
	GlobalSection(SolutionProperties) = preSolution
		HideSolutionNode = FALSE
	EndGlobalSection
	GlobalSection(ExtensibilityGlobals) = postSolution
		SolutionGuid = {EEF74164-2A2F-4FFB-9C19-8207EE25FA80}
	EndGlobalSection
EndGlobal
