
Microsoft Visual Studio Solution File, Format Version 12.00
# Visual Studio Version 16
VisualStudioVersion = 16.0.29519.87
MinimumVisualStudioVersion = 10.0.40219.1
Project("{2150E333-8FDC-42A3-9474-1A3956D46DE8}") = "01.libs", "01.libs", "{CFC8F642-7029-4E69-B0A6-622A173D560A}"
EndProject
Project("{2150E333-8FDC-42A3-9474-1A3956D46DE8}") = "10.drilling", "10.drilling", "{E6DDAE3A-5475-461A-9C45-7B78A80EC0B0}"
EndProject
Project("{FAE04EC0-301F-11D3-BF4B-00C04F79EFBC}") = "NJIS.FPZWS.LineControl.Drilling.Core", "NJIS.FPZWS.LineControl.Drilling.Core\NJIS.FPZWS.LineControl.Drilling.Core.csproj", "{E4169128-50B4-4F76-A52D-AD45EA76C956}"
EndProject
Project("{FAE04EC0-301F-11D3-BF4B-00C04F79EFBC}") = "NJIS.FPZWS.LineControl.Drilling.Contract", "NJIS.FPZWS.LineControl.Drilling.Contract\NJIS.FPZWS.LineControl.Drilling.Contract.csproj", "{6BE257A3-13A5-4864-ACC5-9C217856FAD3}"
EndProject
Project("{FAE04EC0-301F-11D3-BF4B-00C04F79EFBC}") = "NJIS.FPZWS.LineControl.Drilling.Model", "NJIS.FPZWS.LineControl.Drilling.Model\NJIS.FPZWS.LineControl.Drilling.Model.csproj", "{606ED4D1-AC9C-484D-8704-B348B1C59F43}"
EndProject
Project("{FAE04EC0-301F-11D3-BF4B-00C04F79EFBC}") = "NJIS.FPZWS.LineControl.Drilling.Repository", "NJIS.FPZWS.LineControl.Drilling.Repository\NJIS.FPZWS.LineControl.Drilling.Repository.csproj", "{9130EA5A-E018-4892-A082-E589198DBB7C}"
EndProject
Project("{FAE04EC0-301F-11D3-BF4B-00C04F79EFBC}") = "NJIS.FPZWS.LineControl.Drilling.Service", "NJIS.FPZWS.LineControl.Drilling.Service\NJIS.FPZWS.LineControl.Drilling.Service.csproj", "{BBFF64AF-69A0-4AB1-A3B7-B3B0DBEAA552}"
EndProject
Project("{FAE04EC0-301F-11D3-BF4B-00C04F79EFBC}") = "NJIS.FPZWS.LineControl.Drilling.Client", "NJIS.FPZWS.LineControl.Drilling.Client\NJIS.FPZWS.LineControl.Drilling.Client.csproj", "{1B2DDD55-9890-4E12-B09E-7440213E2A36}"
EndProject
Project("{FAE04EC0-301F-11D3-BF4B-00C04F79EFBC}") = "NJIS.Model.Attributes", "..\Libraries\NJIS.Model.Attributes\NJIS.Model.Attributes.csproj", "{14D7E205-150C-4DF7-9CE8-B5F8E6D6635E}"
EndProject
Project("{FAE04EC0-301F-11D3-BF4B-00C04F79EFBC}") = "NJIS.FPZWS.UI.Common", "..\Libraries\NJIS.FPZWS.UI.Common\NJIS.FPZWS.UI.Common.csproj", "{CA276DB5-AA0D-4C88-B986-498D8BBF9AE8}"
EndProject
Project("{FAE04EC0-301F-11D3-BF4B-00C04F79EFBC}") = "NJIS.FPZWS.MqttClient", "..\Libraries\NJIS.FPZWS.MqttClient\NJIS.FPZWS.MqttClient.csproj", "{CEB61362-762F-4186-9A31-D3E01E7068C5}"
EndProject
Project("{2150E333-8FDC-42A3-9474-1A3956D46DE8}") = "00.doc", "00.doc", "{472050DB-D633-4562-B016-DBD7D61FB4A8}"
	ProjectSection(SolutionItems) = preProject
		NJIS.FPZWS.LineControl.Drilling.Core\readme.md = NJIS.FPZWS.LineControl.Drilling.Core\readme.md
	EndProjectSection
EndProject
Project("{FAE04EC0-301F-11D3-BF4B-00C04F79EFBC}") = "NJIS.FPZWS.LineControl.Drilling.Domain", "NJIS.FPZWS.LineControl.Drilling.Domain\NJIS.FPZWS.LineControl.Drilling.Domain.csproj", "{450C5DB6-C330-4945-A3AA-E140570BCFFD}"
EndProject
Project("{FAE04EC0-301F-11D3-BF4B-00C04F79EFBC}") = "NJIS.FPZWS.LineControl.PLC", "..\Libraries\NJIS.FPZWS.LineControl.PLC\NJIS.FPZWS.LineControl.PLC.csproj", "{D42D33D0-A285-453A-955C-EE519AADB6B6}"
EndProject
Project("{FAE04EC0-301F-11D3-BF4B-00C04F79EFBC}") = "NJIS.FPZWS.LineControl.PLC.Config", "..\Libraries\NJIS.FPZWS.LineControl.PLC.Config\NJIS.FPZWS.LineControl.PLC.Config.csproj", "{CA9B017D-A99B-4087-A85F-DCEA2A9F0168}"
EndProject
Project("{FAE04EC0-301F-11D3-BF4B-00C04F79EFBC}") = "NJIS.FPZWS.LineControl.PLC.Siemens.S7Net", "..\Libraries\NJIS.FPZWS.LineControl.PLC.Siemens.S7Net\NJIS.FPZWS.LineControl.PLC.Siemens.S7Net.csproj", "{9BDDC02F-04C1-412E-AAB7-EDE638275EED}"
EndProject
Project("{FAE04EC0-301F-11D3-BF4B-00C04F79EFBC}") = "NJIS.Dapper.Repositories", "..\Libraries\NJIS.Dapper.Repositories\NJIS.Dapper.Repositories.csproj", "{212A95AF-5870-47E0-95CA-7A888091EA8E}"
EndProject
Project("{FAE04EC0-301F-11D3-BF4B-00C04F79EFBC}") = "NJIS.FPZWS.LineControl.Drilling.Message", "NJIS.FPZWS.LineControl.Drilling.Message\NJIS.FPZWS.LineControl.Drilling.Message.csproj", "{09222996-BFA2-4421-86BF-33BF82B0176F}"
EndProject
Project("{FAE04EC0-301F-11D3-BF4B-00C04F79EFBC}") = "NJIS.FPZWS.LineControl.Drilling.Simulator", "NJIS.FPZWS.LineControl.Drilling.Simulator\NJIS.FPZWS.LineControl.Drilling.Simulator.csproj", "{C140A999-88C6-4EB7-81C8-6207351126ED}"
EndProject
Project("{FAE04EC0-301F-11D3-BF4B-00C04F79EFBC}") = "NJIS.FPZWS.LineControl.Drilling.Monitor", "NJIS.FPZWS.LineControl.Drilling.Monitor\NJIS.FPZWS.LineControl.Drilling.Monitor.csproj", "{32228CFA-8B28-4D58-B533-8B8DDD4A2EBD}"
EndProject
Project("{FAE04EC0-301F-11D3-BF4B-00C04F79EFBC}") = "NJIS.FPZWS.Ioc.Autofac", "..\Libraries\NJIS.FPZWS.Ioc.Autofac\NJIS.FPZWS.Ioc.Autofac.csproj", "{3F5B25BD-83FE-4BBA-8AA0-E5CF58E067C6}"
EndProject
Project("{FAE04EC0-301F-11D3-BF4B-00C04F79EFBC}") = "NJIS.FPZWS.LineControl.Drilling.MprImport", "NJIS.FPZWS.LineControl.Drilling.MprImport\NJIS.FPZWS.LineControl.Drilling.MprImport.csproj", "{E7AC4F96-163E-4704-8923-885C3EE7F08C}"
EndProject
Project("{FAE04EC0-301F-11D3-BF4B-00C04F79EFBC}") = "NJIS.PLC.Communication", "..\Libraries\NJIS.PLC.Communication\NJIS.PLC.Communication.csproj", "{B6E82191-713C-4668-BABD-1C3A3C437C50}"
EndProject
Global
	GlobalSection(SolutionConfigurationPlatforms) = preSolution
		Debug|Any CPU = Debug|Any CPU
		Debug|x86 = Debug|x86
		Release|Any CPU = Release|Any CPU
		Release|x86 = Release|x86
	EndGlobalSection
	GlobalSection(ProjectConfigurationPlatforms) = postSolution
		{E4169128-50B4-4F76-A52D-AD45EA76C956}.Debug|Any CPU.ActiveCfg = Debug|Any CPU
		{E4169128-50B4-4F76-A52D-AD45EA76C956}.Debug|Any CPU.Build.0 = Debug|Any CPU
		{E4169128-50B4-4F76-A52D-AD45EA76C956}.Debug|x86.ActiveCfg = Debug|Any CPU
		{E4169128-50B4-4F76-A52D-AD45EA76C956}.Debug|x86.Build.0 = Debug|Any CPU
		{E4169128-50B4-4F76-A52D-AD45EA76C956}.Release|Any CPU.ActiveCfg = Release|Any CPU
		{E4169128-50B4-4F76-A52D-AD45EA76C956}.Release|Any CPU.Build.0 = Release|Any CPU
		{E4169128-50B4-4F76-A52D-AD45EA76C956}.Release|x86.ActiveCfg = Release|Any CPU
		{E4169128-50B4-4F76-A52D-AD45EA76C956}.Release|x86.Build.0 = Release|Any CPU
		{6BE257A3-13A5-4864-ACC5-9C217856FAD3}.Debug|Any CPU.ActiveCfg = Debug|Any CPU
		{6BE257A3-13A5-4864-ACC5-9C217856FAD3}.Debug|Any CPU.Build.0 = Debug|Any CPU
		{6BE257A3-13A5-4864-ACC5-9C217856FAD3}.Debug|x86.ActiveCfg = Debug|Any CPU
		{6BE257A3-13A5-4864-ACC5-9C217856FAD3}.Debug|x86.Build.0 = Debug|Any CPU
		{6BE257A3-13A5-4864-ACC5-9C217856FAD3}.Release|Any CPU.ActiveCfg = Release|Any CPU
		{6BE257A3-13A5-4864-ACC5-9C217856FAD3}.Release|Any CPU.Build.0 = Release|Any CPU
		{6BE257A3-13A5-4864-ACC5-9C217856FAD3}.Release|x86.ActiveCfg = Release|Any CPU
		{6BE257A3-13A5-4864-ACC5-9C217856FAD3}.Release|x86.Build.0 = Release|Any CPU
		{606ED4D1-AC9C-484D-8704-B348B1C59F43}.Debug|Any CPU.ActiveCfg = Debug|Any CPU
		{606ED4D1-AC9C-484D-8704-B348B1C59F43}.Debug|Any CPU.Build.0 = Debug|Any CPU
		{606ED4D1-AC9C-484D-8704-B348B1C59F43}.Debug|x86.ActiveCfg = Debug|Any CPU
		{606ED4D1-AC9C-484D-8704-B348B1C59F43}.Debug|x86.Build.0 = Debug|Any CPU
		{606ED4D1-AC9C-484D-8704-B348B1C59F43}.Release|Any CPU.ActiveCfg = Release|Any CPU
		{606ED4D1-AC9C-484D-8704-B348B1C59F43}.Release|Any CPU.Build.0 = Release|Any CPU
		{606ED4D1-AC9C-484D-8704-B348B1C59F43}.Release|x86.ActiveCfg = Release|Any CPU
		{606ED4D1-AC9C-484D-8704-B348B1C59F43}.Release|x86.Build.0 = Release|Any CPU
		{9130EA5A-E018-4892-A082-E589198DBB7C}.Debug|Any CPU.ActiveCfg = Debug|Any CPU
		{9130EA5A-E018-4892-A082-E589198DBB7C}.Debug|Any CPU.Build.0 = Debug|Any CPU
		{9130EA5A-E018-4892-A082-E589198DBB7C}.Debug|x86.ActiveCfg = Debug|Any CPU
		{9130EA5A-E018-4892-A082-E589198DBB7C}.Debug|x86.Build.0 = Debug|Any CPU
		{9130EA5A-E018-4892-A082-E589198DBB7C}.Release|Any CPU.ActiveCfg = Release|Any CPU
		{9130EA5A-E018-4892-A082-E589198DBB7C}.Release|Any CPU.Build.0 = Release|Any CPU
		{9130EA5A-E018-4892-A082-E589198DBB7C}.Release|x86.ActiveCfg = Release|Any CPU
		{9130EA5A-E018-4892-A082-E589198DBB7C}.Release|x86.Build.0 = Release|Any CPU
		{BBFF64AF-69A0-4AB1-A3B7-B3B0DBEAA552}.Debug|Any CPU.ActiveCfg = Debug|Any CPU
		{BBFF64AF-69A0-4AB1-A3B7-B3B0DBEAA552}.Debug|Any CPU.Build.0 = Debug|Any CPU
		{BBFF64AF-69A0-4AB1-A3B7-B3B0DBEAA552}.Debug|x86.ActiveCfg = Debug|Any CPU
		{BBFF64AF-69A0-4AB1-A3B7-B3B0DBEAA552}.Debug|x86.Build.0 = Debug|Any CPU
		{BBFF64AF-69A0-4AB1-A3B7-B3B0DBEAA552}.Release|Any CPU.ActiveCfg = Release|Any CPU
		{BBFF64AF-69A0-4AB1-A3B7-B3B0DBEAA552}.Release|Any CPU.Build.0 = Release|Any CPU
		{BBFF64AF-69A0-4AB1-A3B7-B3B0DBEAA552}.Release|x86.ActiveCfg = Release|Any CPU
		{BBFF64AF-69A0-4AB1-A3B7-B3B0DBEAA552}.Release|x86.Build.0 = Release|Any CPU
		{1B2DDD55-9890-4E12-B09E-7440213E2A36}.Debug|Any CPU.ActiveCfg = Debug|Any CPU
		{1B2DDD55-9890-4E12-B09E-7440213E2A36}.Debug|Any CPU.Build.0 = Debug|Any CPU
		{1B2DDD55-9890-4E12-B09E-7440213E2A36}.Debug|x86.ActiveCfg = Debug|Any CPU
		{1B2DDD55-9890-4E12-B09E-7440213E2A36}.Debug|x86.Build.0 = Debug|Any CPU
		{1B2DDD55-9890-4E12-B09E-7440213E2A36}.Release|Any CPU.ActiveCfg = Release|Any CPU
		{1B2DDD55-9890-4E12-B09E-7440213E2A36}.Release|Any CPU.Build.0 = Release|Any CPU
		{1B2DDD55-9890-4E12-B09E-7440213E2A36}.Release|x86.ActiveCfg = Release|Any CPU
		{1B2DDD55-9890-4E12-B09E-7440213E2A36}.Release|x86.Build.0 = Release|Any CPU
		{14D7E205-150C-4DF7-9CE8-B5F8E6D6635E}.Debug|Any CPU.ActiveCfg = Debug|Any CPU
		{14D7E205-150C-4DF7-9CE8-B5F8E6D6635E}.Debug|Any CPU.Build.0 = Debug|Any CPU
		{14D7E205-150C-4DF7-9CE8-B5F8E6D6635E}.Debug|x86.ActiveCfg = Debug|Any CPU
		{14D7E205-150C-4DF7-9CE8-B5F8E6D6635E}.Debug|x86.Build.0 = Debug|Any CPU
		{14D7E205-150C-4DF7-9CE8-B5F8E6D6635E}.Release|Any CPU.ActiveCfg = Release|Any CPU
		{14D7E205-150C-4DF7-9CE8-B5F8E6D6635E}.Release|Any CPU.Build.0 = Release|Any CPU
		{14D7E205-150C-4DF7-9CE8-B5F8E6D6635E}.Release|x86.ActiveCfg = Release|Any CPU
		{14D7E205-150C-4DF7-9CE8-B5F8E6D6635E}.Release|x86.Build.0 = Release|Any CPU
		{CA276DB5-AA0D-4C88-B986-498D8BBF9AE8}.Debug|Any CPU.ActiveCfg = Debug|Any CPU
		{CA276DB5-AA0D-4C88-B986-498D8BBF9AE8}.Debug|Any CPU.Build.0 = Debug|Any CPU
		{CA276DB5-AA0D-4C88-B986-498D8BBF9AE8}.Debug|x86.ActiveCfg = Debug|Any CPU
		{CA276DB5-AA0D-4C88-B986-498D8BBF9AE8}.Debug|x86.Build.0 = Debug|Any CPU
		{CA276DB5-AA0D-4C88-B986-498D8BBF9AE8}.Release|Any CPU.ActiveCfg = Release|Any CPU
		{CA276DB5-AA0D-4C88-B986-498D8BBF9AE8}.Release|Any CPU.Build.0 = Release|Any CPU
		{CA276DB5-AA0D-4C88-B986-498D8BBF9AE8}.Release|x86.ActiveCfg = Release|Any CPU
		{CA276DB5-AA0D-4C88-B986-498D8BBF9AE8}.Release|x86.Build.0 = Release|Any CPU
		{CEB61362-762F-4186-9A31-D3E01E7068C5}.Debug|Any CPU.ActiveCfg = Debug|Any CPU
		{CEB61362-762F-4186-9A31-D3E01E7068C5}.Debug|Any CPU.Build.0 = Debug|Any CPU
		{CEB61362-762F-4186-9A31-D3E01E7068C5}.Debug|x86.ActiveCfg = Debug|Any CPU
		{CEB61362-762F-4186-9A31-D3E01E7068C5}.Debug|x86.Build.0 = Debug|Any CPU
		{CEB61362-762F-4186-9A31-D3E01E7068C5}.Release|Any CPU.ActiveCfg = Release|Any CPU
		{CEB61362-762F-4186-9A31-D3E01E7068C5}.Release|Any CPU.Build.0 = Release|Any CPU
		{CEB61362-762F-4186-9A31-D3E01E7068C5}.Release|x86.ActiveCfg = Release|Any CPU
		{CEB61362-762F-4186-9A31-D3E01E7068C5}.Release|x86.Build.0 = Release|Any CPU
		{450C5DB6-C330-4945-A3AA-E140570BCFFD}.Debug|Any CPU.ActiveCfg = Debug|Any CPU
		{450C5DB6-C330-4945-A3AA-E140570BCFFD}.Debug|Any CPU.Build.0 = Debug|Any CPU
		{450C5DB6-C330-4945-A3AA-E140570BCFFD}.Debug|x86.ActiveCfg = Debug|Any CPU
		{450C5DB6-C330-4945-A3AA-E140570BCFFD}.Debug|x86.Build.0 = Debug|Any CPU
		{450C5DB6-C330-4945-A3AA-E140570BCFFD}.Release|Any CPU.ActiveCfg = Release|Any CPU
		{450C5DB6-C330-4945-A3AA-E140570BCFFD}.Release|Any CPU.Build.0 = Release|Any CPU
		{450C5DB6-C330-4945-A3AA-E140570BCFFD}.Release|x86.ActiveCfg = Release|Any CPU
		{450C5DB6-C330-4945-A3AA-E140570BCFFD}.Release|x86.Build.0 = Release|Any CPU
		{D42D33D0-A285-453A-955C-EE519AADB6B6}.Debug|Any CPU.ActiveCfg = Debug|Any CPU
		{D42D33D0-A285-453A-955C-EE519AADB6B6}.Debug|Any CPU.Build.0 = Debug|Any CPU
		{D42D33D0-A285-453A-955C-EE519AADB6B6}.Debug|x86.ActiveCfg = Debug|Any CPU
		{D42D33D0-A285-453A-955C-EE519AADB6B6}.Debug|x86.Build.0 = Debug|Any CPU
		{D42D33D0-A285-453A-955C-EE519AADB6B6}.Release|Any CPU.ActiveCfg = Release|Any CPU
		{D42D33D0-A285-453A-955C-EE519AADB6B6}.Release|Any CPU.Build.0 = Release|Any CPU
		{D42D33D0-A285-453A-955C-EE519AADB6B6}.Release|x86.ActiveCfg = Release|Any CPU
		{D42D33D0-A285-453A-955C-EE519AADB6B6}.Release|x86.Build.0 = Release|Any CPU
		{CA9B017D-A99B-4087-A85F-DCEA2A9F0168}.Debug|Any CPU.ActiveCfg = Debug|Any CPU
		{CA9B017D-A99B-4087-A85F-DCEA2A9F0168}.Debug|Any CPU.Build.0 = Debug|Any CPU
		{CA9B017D-A99B-4087-A85F-DCEA2A9F0168}.Debug|x86.ActiveCfg = Debug|Any CPU
		{CA9B017D-A99B-4087-A85F-DCEA2A9F0168}.Debug|x86.Build.0 = Debug|Any CPU
		{CA9B017D-A99B-4087-A85F-DCEA2A9F0168}.Release|Any CPU.ActiveCfg = Release|Any CPU
		{CA9B017D-A99B-4087-A85F-DCEA2A9F0168}.Release|Any CPU.Build.0 = Release|Any CPU
		{CA9B017D-A99B-4087-A85F-DCEA2A9F0168}.Release|x86.ActiveCfg = Release|Any CPU
		{CA9B017D-A99B-4087-A85F-DCEA2A9F0168}.Release|x86.Build.0 = Release|Any CPU
		{9BDDC02F-04C1-412E-AAB7-EDE638275EED}.Debug|Any CPU.ActiveCfg = Debug|Any CPU
		{9BDDC02F-04C1-412E-AAB7-EDE638275EED}.Debug|Any CPU.Build.0 = Debug|Any CPU
		{9BDDC02F-04C1-412E-AAB7-EDE638275EED}.Debug|x86.ActiveCfg = Debug|Any CPU
		{9BDDC02F-04C1-412E-AAB7-EDE638275EED}.Debug|x86.Build.0 = Debug|Any CPU
		{9BDDC02F-04C1-412E-AAB7-EDE638275EED}.Release|Any CPU.ActiveCfg = Release|Any CPU
		{9BDDC02F-04C1-412E-AAB7-EDE638275EED}.Release|Any CPU.Build.0 = Release|Any CPU
		{9BDDC02F-04C1-412E-AAB7-EDE638275EED}.Release|x86.ActiveCfg = Release|Any CPU
		{9BDDC02F-04C1-412E-AAB7-EDE638275EED}.Release|x86.Build.0 = Release|Any CPU
		{212A95AF-5870-47E0-95CA-7A888091EA8E}.Debug|Any CPU.ActiveCfg = Debug|Any CPU
		{212A95AF-5870-47E0-95CA-7A888091EA8E}.Debug|Any CPU.Build.0 = Debug|Any CPU
		{212A95AF-5870-47E0-95CA-7A888091EA8E}.Debug|x86.ActiveCfg = Debug|Any CPU
		{212A95AF-5870-47E0-95CA-7A888091EA8E}.Debug|x86.Build.0 = Debug|Any CPU
		{212A95AF-5870-47E0-95CA-7A888091EA8E}.Release|Any CPU.ActiveCfg = Release|Any CPU
		{212A95AF-5870-47E0-95CA-7A888091EA8E}.Release|Any CPU.Build.0 = Release|Any CPU
		{212A95AF-5870-47E0-95CA-7A888091EA8E}.Release|x86.ActiveCfg = Release|Any CPU
		{212A95AF-5870-47E0-95CA-7A888091EA8E}.Release|x86.Build.0 = Release|Any CPU
		{09222996-BFA2-4421-86BF-33BF82B0176F}.Debug|Any CPU.ActiveCfg = Debug|Any CPU
		{09222996-BFA2-4421-86BF-33BF82B0176F}.Debug|Any CPU.Build.0 = Debug|Any CPU
		{09222996-BFA2-4421-86BF-33BF82B0176F}.Debug|x86.ActiveCfg = Debug|Any CPU
		{09222996-BFA2-4421-86BF-33BF82B0176F}.Debug|x86.Build.0 = Debug|Any CPU
		{09222996-BFA2-4421-86BF-33BF82B0176F}.Release|Any CPU.ActiveCfg = Release|Any CPU
		{09222996-BFA2-4421-86BF-33BF82B0176F}.Release|Any CPU.Build.0 = Release|Any CPU
		{09222996-BFA2-4421-86BF-33BF82B0176F}.Release|x86.ActiveCfg = Release|Any CPU
		{09222996-BFA2-4421-86BF-33BF82B0176F}.Release|x86.Build.0 = Release|Any CPU
		{C140A999-88C6-4EB7-81C8-6207351126ED}.Debug|Any CPU.ActiveCfg = Debug|x86
		{C140A999-88C6-4EB7-81C8-6207351126ED}.Debug|x86.ActiveCfg = Debug|x86
		{C140A999-88C6-4EB7-81C8-6207351126ED}.Debug|x86.Build.0 = Debug|x86
		{C140A999-88C6-4EB7-81C8-6207351126ED}.Release|Any CPU.ActiveCfg = Release|x86
		{C140A999-88C6-4EB7-81C8-6207351126ED}.Release|x86.ActiveCfg = Release|x86
		{C140A999-88C6-4EB7-81C8-6207351126ED}.Release|x86.Build.0 = Release|x86
		{32228CFA-8B28-4D58-B533-8B8DDD4A2EBD}.Debug|Any CPU.ActiveCfg = Debug|x86
		{32228CFA-8B28-4D58-B533-8B8DDD4A2EBD}.Debug|x86.ActiveCfg = Debug|x86
		{32228CFA-8B28-4D58-B533-8B8DDD4A2EBD}.Debug|x86.Build.0 = Debug|x86
		{32228CFA-8B28-4D58-B533-8B8DDD4A2EBD}.Release|Any CPU.ActiveCfg = Release|x86
		{32228CFA-8B28-4D58-B533-8B8DDD4A2EBD}.Release|x86.ActiveCfg = Release|x86
		{32228CFA-8B28-4D58-B533-8B8DDD4A2EBD}.Release|x86.Build.0 = Release|x86
		{3F5B25BD-83FE-4BBA-8AA0-E5CF58E067C6}.Debug|Any CPU.ActiveCfg = Debug|Any CPU
		{3F5B25BD-83FE-4BBA-8AA0-E5CF58E067C6}.Debug|Any CPU.Build.0 = Debug|Any CPU
		{3F5B25BD-83FE-4BBA-8AA0-E5CF58E067C6}.Debug|x86.ActiveCfg = Debug|Any CPU
		{3F5B25BD-83FE-4BBA-8AA0-E5CF58E067C6}.Debug|x86.Build.0 = Debug|Any CPU
		{3F5B25BD-83FE-4BBA-8AA0-E5CF58E067C6}.Release|Any CPU.ActiveCfg = Release|Any CPU
		{3F5B25BD-83FE-4BBA-8AA0-E5CF58E067C6}.Release|Any CPU.Build.0 = Release|Any CPU
		{3F5B25BD-83FE-4BBA-8AA0-E5CF58E067C6}.Release|x86.ActiveCfg = Release|Any CPU
		{3F5B25BD-83FE-4BBA-8AA0-E5CF58E067C6}.Release|x86.Build.0 = Release|Any CPU
		{E7AC4F96-163E-4704-8923-885C3EE7F08C}.Debug|Any CPU.ActiveCfg = Debug|Any CPU
		{E7AC4F96-163E-4704-8923-885C3EE7F08C}.Debug|Any CPU.Build.0 = Debug|Any CPU
		{E7AC4F96-163E-4704-8923-885C3EE7F08C}.Debug|x86.ActiveCfg = Debug|Any CPU
		{E7AC4F96-163E-4704-8923-885C3EE7F08C}.Debug|x86.Build.0 = Debug|Any CPU
		{E7AC4F96-163E-4704-8923-885C3EE7F08C}.Release|Any CPU.ActiveCfg = Release|Any CPU
		{E7AC4F96-163E-4704-8923-885C3EE7F08C}.Release|Any CPU.Build.0 = Release|Any CPU
		{E7AC4F96-163E-4704-8923-885C3EE7F08C}.Release|x86.ActiveCfg = Release|Any CPU
		{E7AC4F96-163E-4704-8923-885C3EE7F08C}.Release|x86.Build.0 = Release|Any CPU
		{B6E82191-713C-4668-BABD-1C3A3C437C50}.Debug|Any CPU.ActiveCfg = Debug|Any CPU
		{B6E82191-713C-4668-BABD-1C3A3C437C50}.Debug|Any CPU.Build.0 = Debug|Any CPU
		{B6E82191-713C-4668-BABD-1C3A3C437C50}.Debug|x86.ActiveCfg = Debug|Any CPU
		{B6E82191-713C-4668-BABD-1C3A3C437C50}.Debug|x86.Build.0 = Debug|Any CPU
		{B6E82191-713C-4668-BABD-1C3A3C437C50}.Release|Any CPU.ActiveCfg = Release|Any CPU
		{B6E82191-713C-4668-BABD-1C3A3C437C50}.Release|Any CPU.Build.0 = Release|Any CPU
		{B6E82191-713C-4668-BABD-1C3A3C437C50}.Release|x86.ActiveCfg = Release|Any CPU
		{B6E82191-713C-4668-BABD-1C3A3C437C50}.Release|x86.Build.0 = Release|Any CPU
	EndGlobalSection
	GlobalSection(SolutionProperties) = preSolution
		HideSolutionNode = FALSE
	EndGlobalSection
	GlobalSection(NestedProjects) = preSolution
		{E4169128-50B4-4F76-A52D-AD45EA76C956} = {E6DDAE3A-5475-461A-9C45-7B78A80EC0B0}
		{6BE257A3-13A5-4864-ACC5-9C217856FAD3} = {E6DDAE3A-5475-461A-9C45-7B78A80EC0B0}
		{606ED4D1-AC9C-484D-8704-B348B1C59F43} = {E6DDAE3A-5475-461A-9C45-7B78A80EC0B0}
		{9130EA5A-E018-4892-A082-E589198DBB7C} = {E6DDAE3A-5475-461A-9C45-7B78A80EC0B0}
		{BBFF64AF-69A0-4AB1-A3B7-B3B0DBEAA552} = {E6DDAE3A-5475-461A-9C45-7B78A80EC0B0}
		{1B2DDD55-9890-4E12-B09E-7440213E2A36} = {E6DDAE3A-5475-461A-9C45-7B78A80EC0B0}
		{14D7E205-150C-4DF7-9CE8-B5F8E6D6635E} = {CFC8F642-7029-4E69-B0A6-622A173D560A}
		{CA276DB5-AA0D-4C88-B986-498D8BBF9AE8} = {CFC8F642-7029-4E69-B0A6-622A173D560A}
		{CEB61362-762F-4186-9A31-D3E01E7068C5} = {CFC8F642-7029-4E69-B0A6-622A173D560A}
		{450C5DB6-C330-4945-A3AA-E140570BCFFD} = {E6DDAE3A-5475-461A-9C45-7B78A80EC0B0}
		{212A95AF-5870-47E0-95CA-7A888091EA8E} = {CFC8F642-7029-4E69-B0A6-622A173D560A}
		{09222996-BFA2-4421-86BF-33BF82B0176F} = {E6DDAE3A-5475-461A-9C45-7B78A80EC0B0}
		{C140A999-88C6-4EB7-81C8-6207351126ED} = {E6DDAE3A-5475-461A-9C45-7B78A80EC0B0}
		{32228CFA-8B28-4D58-B533-8B8DDD4A2EBD} = {E6DDAE3A-5475-461A-9C45-7B78A80EC0B0}
		{3F5B25BD-83FE-4BBA-8AA0-E5CF58E067C6} = {CFC8F642-7029-4E69-B0A6-622A173D560A}
		{E7AC4F96-163E-4704-8923-885C3EE7F08C} = {E6DDAE3A-5475-461A-9C45-7B78A80EC0B0}
	EndGlobalSection
	GlobalSection(ExtensibilityGlobals) = postSolution
		SolutionGuid = {30F577B2-7E38-464E-BC61-4BB52E492054}
	EndGlobalSection
EndGlobal
