
Microsoft Visual Studio Solution File, Format Version 12.00
# Visual Studio 15
VisualStudioVersion = 15.0.28307.271
MinimumVisualStudioVersion = 10.0.40219.1
Project("{2150E333-8FDC-42A3-9474-1A3956D46DE8}") = "01.Libs", "01.Libs", "{1F7943D0-DDC0-4681-AB96-AA8CFFE92993}"
EndProject
Project("{FAE04EC0-301F-11D3-BF4B-00C04F79EFBC}") = "NJIS.Dapper.Repositories", "..\Libraries\NJIS.Dapper.Repositories\NJIS.Dapper.Repositories.csproj", "{212A95AF-5870-47E0-95CA-7A888091EA8E}"
EndProject
Project("{FAE04EC0-301F-11D3-BF4B-00C04F79EFBC}") = "NJIS.FPZWS.App", "..\Libraries\NJIS.FPZWS.App\NJIS.FPZWS.App.csproj", "{9334FD0A-2315-4EED-8EF3-D28612C2A157}"
EndProject
Project("{FAE04EC0-301F-11D3-BF4B-00C04F79EFBC}") = "NJIS.Common", "..\Libraries\NJIS.Common\NJIS.Common.csproj", "{DD68A459-27FD-4A78-AE2D-709CA13C7114}"
EndProject
Project("{FAE04EC0-301F-11D3-BF4B-00C04F79EFBC}") = "NJIS.FPZWS.LineControl.PLC", "..\Libraries\NJIS.FPZWS.LineControl.PLC\NJIS.FPZWS.LineControl.PLC.csproj", "{D42D33D0-A285-453A-955C-EE519AADB6B6}"
EndProject
Project("{FAE04EC0-301F-11D3-BF4B-00C04F79EFBC}") = "NJIS.FPZWS.LineControl.PLC.Config", "..\Libraries\NJIS.FPZWS.LineControl.PLC.Config\NJIS.FPZWS.LineControl.PLC.Config.csproj", "{CA9B017D-A99B-4087-A85F-DCEA2A9F0168}"
EndProject
Project("{FAE04EC0-301F-11D3-BF4B-00C04F79EFBC}") = "NJIS.FPZWS.LineControl.PLC.Siemens.S7Net", "..\Libraries\NJIS.FPZWS.LineControl.PLC.Siemens.S7Net\NJIS.FPZWS.LineControl.PLC.Siemens.S7Net.csproj", "{9BDDC02F-04C1-412E-AAB7-EDE638275EED}"
EndProject
Project("{FAE04EC0-301F-11D3-BF4B-00C04F79EFBC}") = "NJIS.FPZWS.UI.Common", "..\Libraries\NJIS.FPZWS.UI.Common\NJIS.FPZWS.UI.Common.csproj", "{CA276DB5-AA0D-4C88-B986-498D8BBF9AE8}"
EndProject
Project("{FAE04EC0-301F-11D3-BF4B-00C04F79EFBC}") = "NJIS.FPZWS.Wcf", "..\Libraries\NJIS.FPZWS.Wcf\NJIS.FPZWS.Wcf.csproj", "{54DB5DA6-22DC-42B0-AFDC-644893ACAD4B}"
EndProject
Project("{FAE04EC0-301F-11D3-BF4B-00C04F79EFBC}") = "NJIS.FPZWS.Wcf.App", "..\Libraries\NJIS.FPZWS.Wcf.App\NJIS.FPZWS.Wcf.App.csproj", "{5870793C-97E4-469F-B3FC-B42F27F7680E}"
EndProject
Project("{FAE04EC0-301F-11D3-BF4B-00C04F79EFBC}") = "NJIS.Model.Attributes", "..\Libraries\NJIS.Model.Attributes\NJIS.Model.Attributes.csproj", "{14D7E205-150C-4DF7-9CE8-B5F8E6D6635E}"
EndProject
Project("{FAE04EC0-301F-11D3-BF4B-00C04F79EFBC}") = "NJIS.PLC.Communication", "..\Libraries\NJIS.PLC.Communication\NJIS.PLC.Communication.csproj", "{B6E82191-713C-4668-BABD-1C3A3C437C50}"
EndProject
Project("{FAE04EC0-301F-11D3-BF4B-00C04F79EFBC}") = "NJIS.FPZWS.LineControl.PartMill.Contract", "NJIS.FPZWS.LineControl.PartMill.Contract\NJIS.FPZWS.LineControl.PartMill.Contract.csproj", "{E3919DD7-1F21-4ED0-9ECB-ABF676E151D4}"
EndProject
Project("{FAE04EC0-301F-11D3-BF4B-00C04F79EFBC}") = "NJIS.FPZWS.LineControl.PartMill.Service", "NJIS.FPZWS.LineControl.PartMill.Service\NJIS.FPZWS.LineControl.PartMill.Service.csproj", "{7A249135-C517-4222-AEFA-E0F3C964295B}"
EndProject
Project("{FAE04EC0-301F-11D3-BF4B-00C04F79EFBC}") = "NJIS.FPZWS.LineControl.PartMill.Model", "NJIS.FPZWS.LineControl.PartMill.Model\NJIS.FPZWS.LineControl.PartMill.Model.csproj", "{FA2A0EAE-0068-4EB4-AD40-47206B74D320}"
EndProject
Project("{FAE04EC0-301F-11D3-BF4B-00C04F79EFBC}") = "NJIS.FPZWS.LineControl.PartMill.Repository", "NJIS.FPZWS.LineControl.PartMill.Repository\NJIS.FPZWS.LineControl.PartMill.Repository.csproj", "{B67B03E3-35F3-4280-9885-3B731CDA25BC}"
EndProject
Project("{FAE04EC0-301F-11D3-BF4B-00C04F79EFBC}") = "NJIS.FPZWS.LineControl.PartMill.Simulator", "NJIS.FPZWS.LineControl.PartMill.Simulator\NJIS.FPZWS.LineControl.PartMill.Simulator.csproj", "{34B26AB1-3602-4ECD-A847-02A6BCA5A98F}"
EndProject
Project("{2150E333-8FDC-42A3-9474-1A3956D46DE8}") = "Client", "Client", "{16A84A10-EB92-404B-A731-D12EF90AA11B}"
EndProject
Project("{FAE04EC0-301F-11D3-BF4B-00C04F79EFBC}") = "NJIS.FPZWS.LineControl.PartMill.Client", "NJIS.FPZWS.LineControl.PartMill.Client\NJIS.FPZWS.LineControl.PartMill.Client.csproj", "{B1A913DC-21B6-4799-85A2-165A6044258F}"
EndProject
Project("{2150E333-8FDC-42A3-9474-1A3956D46DE8}") = "Server", "Server", "{BFA0B248-1A92-4EA0-959E-6B0CBF99B7D3}"
EndProject
Project("{FAE04EC0-301F-11D3-BF4B-00C04F79EFBC}") = "PartMillWebService", "PartMillWebService\PartMillWebService.csproj", "{97FA68EB-B43B-4C18-A34C-F70180D61979}"
EndProject
Global
	GlobalSection(SolutionConfigurationPlatforms) = preSolution
		Debug|Any CPU = Debug|Any CPU
		Release|Any CPU = Release|Any CPU
	EndGlobalSection
	GlobalSection(ProjectConfigurationPlatforms) = postSolution
		{212A95AF-5870-47E0-95CA-7A888091EA8E}.Debug|Any CPU.ActiveCfg = Debug|Any CPU
		{212A95AF-5870-47E0-95CA-7A888091EA8E}.Debug|Any CPU.Build.0 = Debug|Any CPU
		{212A95AF-5870-47E0-95CA-7A888091EA8E}.Release|Any CPU.ActiveCfg = Release|Any CPU
		{212A95AF-5870-47E0-95CA-7A888091EA8E}.Release|Any CPU.Build.0 = Release|Any CPU
		{9334FD0A-2315-4EED-8EF3-D28612C2A157}.Debug|Any CPU.ActiveCfg = Debug|Any CPU
		{9334FD0A-2315-4EED-8EF3-D28612C2A157}.Debug|Any CPU.Build.0 = Debug|Any CPU
		{9334FD0A-2315-4EED-8EF3-D28612C2A157}.Release|Any CPU.ActiveCfg = Release|Any CPU
		{9334FD0A-2315-4EED-8EF3-D28612C2A157}.Release|Any CPU.Build.0 = Release|Any CPU
		{DD68A459-27FD-4A78-AE2D-709CA13C7114}.Debug|Any CPU.ActiveCfg = Debug|Any CPU
		{DD68A459-27FD-4A78-AE2D-709CA13C7114}.Debug|Any CPU.Build.0 = Debug|Any CPU
		{DD68A459-27FD-4A78-AE2D-709CA13C7114}.Release|Any CPU.ActiveCfg = Release|Any CPU
		{DD68A459-27FD-4A78-AE2D-709CA13C7114}.Release|Any CPU.Build.0 = Release|Any CPU
		{D42D33D0-A285-453A-955C-EE519AADB6B6}.Debug|Any CPU.ActiveCfg = Debug|Any CPU
		{D42D33D0-A285-453A-955C-EE519AADB6B6}.Debug|Any CPU.Build.0 = Debug|Any CPU
		{D42D33D0-A285-453A-955C-EE519AADB6B6}.Release|Any CPU.ActiveCfg = Release|Any CPU
		{D42D33D0-A285-453A-955C-EE519AADB6B6}.Release|Any CPU.Build.0 = Release|Any CPU
		{CA9B017D-A99B-4087-A85F-DCEA2A9F0168}.Debug|Any CPU.ActiveCfg = Debug|Any CPU
		{CA9B017D-A99B-4087-A85F-DCEA2A9F0168}.Debug|Any CPU.Build.0 = Debug|Any CPU
		{CA9B017D-A99B-4087-A85F-DCEA2A9F0168}.Release|Any CPU.ActiveCfg = Release|Any CPU
		{CA9B017D-A99B-4087-A85F-DCEA2A9F0168}.Release|Any CPU.Build.0 = Release|Any CPU
		{9BDDC02F-04C1-412E-AAB7-EDE638275EED}.Debug|Any CPU.ActiveCfg = Debug|Any CPU
		{9BDDC02F-04C1-412E-AAB7-EDE638275EED}.Debug|Any CPU.Build.0 = Debug|Any CPU
		{9BDDC02F-04C1-412E-AAB7-EDE638275EED}.Release|Any CPU.ActiveCfg = Release|Any CPU
		{9BDDC02F-04C1-412E-AAB7-EDE638275EED}.Release|Any CPU.Build.0 = Release|Any CPU
		{CA276DB5-AA0D-4C88-B986-498D8BBF9AE8}.Debug|Any CPU.ActiveCfg = Debug|Any CPU
		{CA276DB5-AA0D-4C88-B986-498D8BBF9AE8}.Debug|Any CPU.Build.0 = Debug|Any CPU
		{CA276DB5-AA0D-4C88-B986-498D8BBF9AE8}.Release|Any CPU.ActiveCfg = Release|Any CPU
		{CA276DB5-AA0D-4C88-B986-498D8BBF9AE8}.Release|Any CPU.Build.0 = Release|Any CPU
		{54DB5DA6-22DC-42B0-AFDC-644893ACAD4B}.Debug|Any CPU.ActiveCfg = Debug|Any CPU
		{54DB5DA6-22DC-42B0-AFDC-644893ACAD4B}.Debug|Any CPU.Build.0 = Debug|Any CPU
		{54DB5DA6-22DC-42B0-AFDC-644893ACAD4B}.Release|Any CPU.ActiveCfg = Release|Any CPU
		{54DB5DA6-22DC-42B0-AFDC-644893ACAD4B}.Release|Any CPU.Build.0 = Release|Any CPU
		{5870793C-97E4-469F-B3FC-B42F27F7680E}.Debug|Any CPU.ActiveCfg = Debug|Any CPU
		{5870793C-97E4-469F-B3FC-B42F27F7680E}.Debug|Any CPU.Build.0 = Debug|Any CPU
		{5870793C-97E4-469F-B3FC-B42F27F7680E}.Release|Any CPU.ActiveCfg = Release|Any CPU
		{5870793C-97E4-469F-B3FC-B42F27F7680E}.Release|Any CPU.Build.0 = Release|Any CPU
		{14D7E205-150C-4DF7-9CE8-B5F8E6D6635E}.Debug|Any CPU.ActiveCfg = Debug|Any CPU
		{14D7E205-150C-4DF7-9CE8-B5F8E6D6635E}.Debug|Any CPU.Build.0 = Debug|Any CPU
		{14D7E205-150C-4DF7-9CE8-B5F8E6D6635E}.Release|Any CPU.ActiveCfg = Release|Any CPU
		{14D7E205-150C-4DF7-9CE8-B5F8E6D6635E}.Release|Any CPU.Build.0 = Release|Any CPU
		{B6E82191-713C-4668-BABD-1C3A3C437C50}.Debug|Any CPU.ActiveCfg = Debug|Any CPU
		{B6E82191-713C-4668-BABD-1C3A3C437C50}.Debug|Any CPU.Build.0 = Debug|Any CPU
		{B6E82191-713C-4668-BABD-1C3A3C437C50}.Release|Any CPU.ActiveCfg = Release|Any CPU
		{B6E82191-713C-4668-BABD-1C3A3C437C50}.Release|Any CPU.Build.0 = Release|Any CPU
		{E3919DD7-1F21-4ED0-9ECB-ABF676E151D4}.Debug|Any CPU.ActiveCfg = Debug|Any CPU
		{E3919DD7-1F21-4ED0-9ECB-ABF676E151D4}.Debug|Any CPU.Build.0 = Debug|Any CPU
		{E3919DD7-1F21-4ED0-9ECB-ABF676E151D4}.Release|Any CPU.ActiveCfg = Release|Any CPU
		{E3919DD7-1F21-4ED0-9ECB-ABF676E151D4}.Release|Any CPU.Build.0 = Release|Any CPU
		{7A249135-C517-4222-AEFA-E0F3C964295B}.Debug|Any CPU.ActiveCfg = Debug|Any CPU
		{7A249135-C517-4222-AEFA-E0F3C964295B}.Debug|Any CPU.Build.0 = Debug|Any CPU
		{7A249135-C517-4222-AEFA-E0F3C964295B}.Release|Any CPU.ActiveCfg = Release|Any CPU
		{7A249135-C517-4222-AEFA-E0F3C964295B}.Release|Any CPU.Build.0 = Release|Any CPU
		{FA2A0EAE-0068-4EB4-AD40-47206B74D320}.Debug|Any CPU.ActiveCfg = Debug|Any CPU
		{FA2A0EAE-0068-4EB4-AD40-47206B74D320}.Debug|Any CPU.Build.0 = Debug|Any CPU
		{FA2A0EAE-0068-4EB4-AD40-47206B74D320}.Release|Any CPU.ActiveCfg = Release|Any CPU
		{FA2A0EAE-0068-4EB4-AD40-47206B74D320}.Release|Any CPU.Build.0 = Release|Any CPU
		{B67B03E3-35F3-4280-9885-3B731CDA25BC}.Debug|Any CPU.ActiveCfg = Debug|Any CPU
		{B67B03E3-35F3-4280-9885-3B731CDA25BC}.Debug|Any CPU.Build.0 = Debug|Any CPU
		{B67B03E3-35F3-4280-9885-3B731CDA25BC}.Release|Any CPU.ActiveCfg = Release|Any CPU
		{B67B03E3-35F3-4280-9885-3B731CDA25BC}.Release|Any CPU.Build.0 = Release|Any CPU
		{34B26AB1-3602-4ECD-A847-02A6BCA5A98F}.Debug|Any CPU.ActiveCfg = Debug|Any CPU
		{34B26AB1-3602-4ECD-A847-02A6BCA5A98F}.Debug|Any CPU.Build.0 = Debug|Any CPU
		{34B26AB1-3602-4ECD-A847-02A6BCA5A98F}.Release|Any CPU.ActiveCfg = Release|Any CPU
		{34B26AB1-3602-4ECD-A847-02A6BCA5A98F}.Release|Any CPU.Build.0 = Release|Any CPU
		{B1A913DC-21B6-4799-85A2-165A6044258F}.Debug|Any CPU.ActiveCfg = Debug|Any CPU
		{B1A913DC-21B6-4799-85A2-165A6044258F}.Debug|Any CPU.Build.0 = Debug|Any CPU
		{B1A913DC-21B6-4799-85A2-165A6044258F}.Release|Any CPU.ActiveCfg = Release|Any CPU
		{B1A913DC-21B6-4799-85A2-165A6044258F}.Release|Any CPU.Build.0 = Release|Any CPU
		{97FA68EB-B43B-4C18-A34C-F70180D61979}.Debug|Any CPU.ActiveCfg = Debug|Any CPU
		{97FA68EB-B43B-4C18-A34C-F70180D61979}.Debug|Any CPU.Build.0 = Debug|Any CPU
		{97FA68EB-B43B-4C18-A34C-F70180D61979}.Release|Any CPU.ActiveCfg = Release|Any CPU
		{97FA68EB-B43B-4C18-A34C-F70180D61979}.Release|Any CPU.Build.0 = Release|Any CPU
	EndGlobalSection
	GlobalSection(SolutionProperties) = preSolution
		HideSolutionNode = FALSE
	EndGlobalSection
	GlobalSection(NestedProjects) = preSolution
		{212A95AF-5870-47E0-95CA-7A888091EA8E} = {1F7943D0-DDC0-4681-AB96-AA8CFFE92993}
		{9334FD0A-2315-4EED-8EF3-D28612C2A157} = {1F7943D0-DDC0-4681-AB96-AA8CFFE92993}
		{DD68A459-27FD-4A78-AE2D-709CA13C7114} = {1F7943D0-DDC0-4681-AB96-AA8CFFE92993}
		{D42D33D0-A285-453A-955C-EE519AADB6B6} = {1F7943D0-DDC0-4681-AB96-AA8CFFE92993}
		{CA9B017D-A99B-4087-A85F-DCEA2A9F0168} = {1F7943D0-DDC0-4681-AB96-AA8CFFE92993}
		{9BDDC02F-04C1-412E-AAB7-EDE638275EED} = {1F7943D0-DDC0-4681-AB96-AA8CFFE92993}
		{CA276DB5-AA0D-4C88-B986-498D8BBF9AE8} = {1F7943D0-DDC0-4681-AB96-AA8CFFE92993}
		{54DB5DA6-22DC-42B0-AFDC-644893ACAD4B} = {1F7943D0-DDC0-4681-AB96-AA8CFFE92993}
		{5870793C-97E4-469F-B3FC-B42F27F7680E} = {1F7943D0-DDC0-4681-AB96-AA8CFFE92993}
		{14D7E205-150C-4DF7-9CE8-B5F8E6D6635E} = {1F7943D0-DDC0-4681-AB96-AA8CFFE92993}
		{B6E82191-713C-4668-BABD-1C3A3C437C50} = {1F7943D0-DDC0-4681-AB96-AA8CFFE92993}
		{B1A913DC-21B6-4799-85A2-165A6044258F} = {16A84A10-EB92-404B-A731-D12EF90AA11B}
		{97FA68EB-B43B-4C18-A34C-F70180D61979} = {BFA0B248-1A92-4EA0-959E-6B0CBF99B7D3}
	EndGlobalSection
	GlobalSection(ExtensibilityGlobals) = postSolution
		SolutionGuid = {D791852E-9FA9-441A-B58E-C9AD3C13A4B3}
	EndGlobalSection
EndGlobal
