
Microsoft Visual Studio Solution File, Format Version 12.00
# Visual Studio 15
VisualStudioVersion = 15.0.28010.2036
MinimumVisualStudioVersion = 10.0.40219.1
Project("{FAE04EC0-301F-11D3-BF4B-00C04F79EFBC}") = "NJIS.FPZWS.LineControl.PLC", "..\Libraries\NJIS.FPZWS.LineControl.PLC\NJIS.FPZWS.LineControl.PLC.csproj", "{D42D33D0-A285-453A-955C-EE519AADB6B6}"
EndProject
Project("{FAE04EC0-301F-11D3-BF4B-00C04F79EFBC}") = "NJIS.FPZWS.LineControl.PLC.Config", "..\Libraries\NJIS.FPZWS.LineControl.PLC.Config\NJIS.FPZWS.LineControl.PLC.Config.csproj", "{CA9B017D-A99B-4087-A85F-DCEA2A9F0168}"
EndProject
Project("{FAE04EC0-301F-11D3-BF4B-00C04F79EFBC}") = "NJIS.FPZWS.LineControl.PLC.Siemens.S7Net", "..\Libraries\NJIS.FPZWS.LineControl.PLC.Siemens.S7Net\NJIS.FPZWS.LineControl.PLC.Siemens.S7Net.csproj", "{9BDDC02F-04C1-412E-AAB7-EDE638275EED}"
EndProject
Project("{2150E333-8FDC-42A3-9474-1A3956D46DE8}") = "10.edgebanding", "10.edgebanding", "{551D5436-F215-4C37-9507-5DE9CF442F2A}"
EndProject
Project("{2150E333-8FDC-42A3-9474-1A3956D46DE8}") = "0.doc", "0.doc", "{D53D0FB4-B73A-41E1-B22C-B9C1814846F7}"
	ProjectSection(SolutionItems) = preProject
		edgebanding.png = edgebanding.png
	EndProjectSection
EndProject
Project("{2150E333-8FDC-42A3-9474-1A3956D46DE8}") = "1.lib", "1.lib", "{57BC5CB1-E10D-4901-8252-4CE5439B5860}"
EndProject
Project("{FAE04EC0-301F-11D3-BF4B-00C04F79EFBC}") = "NJIS.FPZWS.LineControl.Edgebanding.Service", "NJIS.FPZWS.LineControl.Edgebanding.Service\NJIS.FPZWS.LineControl.Edgebanding.Service.csproj", "{2CEA324D-3B7C-462A-8A2C-755F6EE1E4FA}"
EndProject
Project("{FAE04EC0-301F-11D3-BF4B-00C04F79EFBC}") = "NJIS.FPZWS.LineControl.Edgebanding.Model", "NJIS.FPZWS.LineControl.Edgebanding.Model\NJIS.FPZWS.LineControl.Edgebanding.Model.csproj", "{5C8331A8-7EE7-4722-A5E9-A81AF5247456}"
EndProject
Project("{FAE04EC0-301F-11D3-BF4B-00C04F79EFBC}") = "NJIS.FPZWS.LineControl.Edgebanding.Repository", "NJIS.FPZWS.LineControl.Edgebanding.Repository\NJIS.FPZWS.LineControl.Edgebanding.Repository.csproj", "{3E0E26CB-1CA1-49DA-8579-6CF24C3F2199}"
EndProject
Project("{FAE04EC0-301F-11D3-BF4B-00C04F79EFBC}") = "NJIS.FPZWS.LineControl.Edgebanding.Contract", "NJIS.FPZWS.LineControl.Edgebanding.Contract\NJIS.FPZWS.LineControl.Edgebanding.Contract.csproj", "{AE6FD305-CE22-418B-A940-3A9B2DED9EEA}"
EndProject
Project("{FAE04EC0-301F-11D3-BF4B-00C04F79EFBC}") = "NJIS.Model.Attributes", "..\Libraries\NJIS.Model.Attributes\NJIS.Model.Attributes.csproj", "{14D7E205-150C-4DF7-9CE8-B5F8E6D6635E}"
EndProject
Project("{FAE04EC0-301F-11D3-BF4B-00C04F79EFBC}") = "NJIS.FPZWS.MqttClient", "..\Libraries\NJIS.FPZWS.MqttClient\NJIS.FPZWS.MqttClient.csproj", "{CEB61362-762F-4186-9A31-D3E01E7068C5}"
EndProject
Project("{FAE04EC0-301F-11D3-BF4B-00C04F79EFBC}") = "NJIS.FPZWS.LineControl.Edgebanding.Client", "NJIS.FPZWS.LineControl.Edgebanding.Client\NJIS.FPZWS.LineControl.Edgebanding.Client.csproj", "{8F85D541-CE2A-424C-835B-ED9657E49E0A}"
EndProject
Project("{FAE04EC0-301F-11D3-BF4B-00C04F79EFBC}") = "NJIS.FPZWS.LineControl.Edgebanding.Emqtt", "NJIS.FPZWS.LineControl.Edgebanding.Emqtt\NJIS.FPZWS.LineControl.Edgebanding.Emqtt.csproj", "{CC4FDB5A-EE43-4025-9592-B0AC91DC03B7}"
EndProject
Project("{FAE04EC0-301F-11D3-BF4B-00C04F79EFBC}") = "NJIS.FPZWS.LineControl.Edgebanding.Plc", "NJIS.FPZWS.LineControl.Edgebanding.Plc\NJIS.FPZWS.LineControl.Edgebanding.Plc.csproj", "{1D1266BC-7A77-4020-A75D-6077C4418E3F}"
EndProject
Project("{FAE04EC0-301F-11D3-BF4B-00C04F79EFBC}") = "NJIS.Dapper.Repositories", "..\Libraries\NJIS.Dapper.Repositories\NJIS.Dapper.Repositories.csproj", "{212A95AF-5870-47E0-95CA-7A888091EA8E}"
EndProject
Project("{FAE04EC0-301F-11D3-BF4B-00C04F79EFBC}") = "NJIS.FPZWS.LineControl.Edgebanding.Core", "NJIS.FPZWS.LineControl.Edgebanding.Core\NJIS.FPZWS.LineControl.Edgebanding.Core.csproj", "{F805E063-19C8-4DA5-9B4A-FE2A0E5A4C2C}"
EndProject
Project("{FAE04EC0-301F-11D3-BF4B-00C04F79EFBC}") = "NJIS.FPZWS.LineControl.Edgebanding.Simulator", "NJIS.FPZWS.LineControl.Edgebanding.Simulator\NJIS.FPZWS.LineControl.Edgebanding.Simulator.csproj", "{24C5FBEF-ED08-4C00-B364-A3FF52341997}"
EndProject
Project("{FAE04EC0-301F-11D3-BF4B-00C04F79EFBC}") = "NJIS.FPZWS.UI.Common", "..\Libraries\NJIS.FPZWS.UI.Common\NJIS.FPZWS.UI.Common.csproj", "{CA276DB5-AA0D-4C88-B986-498D8BBF9AE8}"
EndProject
Project("{FAE04EC0-301F-11D3-BF4B-00C04F79EFBC}") = "NJIS.FPZWS.Ioc.Autofac", "..\Libraries\NJIS.FPZWS.Ioc.Autofac\NJIS.FPZWS.Ioc.Autofac.csproj", "{3F5B25BD-83FE-4BBA-8AA0-E5CF58E067C6}"
EndProject
Project("{FAE04EC0-301F-11D3-BF4B-00C04F79EFBC}") = "NJIS.FPZWS.Libraries.MqttClient", "..\Libraries\NJIS.FPZWS.Libraries.MqttClient\NJIS.FPZWS.Libraries.MqttClient.csproj", "{C6D23311-DABF-48B4-8C4B-F39DF6B73024}"
EndProject
Project("{FAE04EC0-301F-11D3-BF4B-00C04F79EFBC}") = "NJIS.FPZWS.LineControl.Edgebanding.Monitor", "NJIS.FPZWS.LineControl.Edgebanding.Monitor\NJIS.FPZWS.LineControl.Edgebanding.Monitor.csproj", "{220B7C8C-E665-4178-B1E1-42AF0247FFC8}"
EndProject
Global
	GlobalSection(SolutionConfigurationPlatforms) = preSolution
		Debug|Any CPU = Debug|Any CPU
		Debug|x86 = Debug|x86
		Release|Any CPU = Release|Any CPU
		Release|x86 = Release|x86
	EndGlobalSection
	GlobalSection(ProjectConfigurationPlatforms) = postSolution
		{D42D33D0-A285-453A-955C-EE519AADB6B6}.Debug|Any CPU.ActiveCfg = Debug|Any CPU
		{D42D33D0-A285-453A-955C-EE519AADB6B6}.Debug|Any CPU.Build.0 = Debug|Any CPU
		{D42D33D0-A285-453A-955C-EE519AADB6B6}.Debug|x86.ActiveCfg = Debug|Any CPU
		{D42D33D0-A285-453A-955C-EE519AADB6B6}.Debug|x86.Build.0 = Debug|Any CPU
		{D42D33D0-A285-453A-955C-EE519AADB6B6}.Release|Any CPU.ActiveCfg = Release|Any CPU
		{D42D33D0-A285-453A-955C-EE519AADB6B6}.Release|Any CPU.Build.0 = Release|Any CPU
		{D42D33D0-A285-453A-955C-EE519AADB6B6}.Release|x86.ActiveCfg = Release|Any CPU
		{D42D33D0-A285-453A-955C-EE519AADB6B6}.Release|x86.Build.0 = Release|Any CPU
		{CA9B017D-A99B-4087-A85F-DCEA2A9F0168}.Debug|Any CPU.ActiveCfg = Debug|Any CPU
		{CA9B017D-A99B-4087-A85F-DCEA2A9F0168}.Debug|Any CPU.Build.0 = Debug|Any CPU
		{CA9B017D-A99B-4087-A85F-DCEA2A9F0168}.Debug|x86.ActiveCfg = Debug|Any CPU
		{CA9B017D-A99B-4087-A85F-DCEA2A9F0168}.Debug|x86.Build.0 = Debug|Any CPU
		{CA9B017D-A99B-4087-A85F-DCEA2A9F0168}.Release|Any CPU.ActiveCfg = Release|Any CPU
		{CA9B017D-A99B-4087-A85F-DCEA2A9F0168}.Release|Any CPU.Build.0 = Release|Any CPU
		{CA9B017D-A99B-4087-A85F-DCEA2A9F0168}.Release|x86.ActiveCfg = Release|Any CPU
		{CA9B017D-A99B-4087-A85F-DCEA2A9F0168}.Release|x86.Build.0 = Release|Any CPU
		{9BDDC02F-04C1-412E-AAB7-EDE638275EED}.Debug|Any CPU.ActiveCfg = Debug|Any CPU
		{9BDDC02F-04C1-412E-AAB7-EDE638275EED}.Debug|Any CPU.Build.0 = Debug|Any CPU
		{9BDDC02F-04C1-412E-AAB7-EDE638275EED}.Debug|x86.ActiveCfg = Debug|Any CPU
		{9BDDC02F-04C1-412E-AAB7-EDE638275EED}.Debug|x86.Build.0 = Debug|Any CPU
		{9BDDC02F-04C1-412E-AAB7-EDE638275EED}.Release|Any CPU.ActiveCfg = Release|Any CPU
		{9BDDC02F-04C1-412E-AAB7-EDE638275EED}.Release|Any CPU.Build.0 = Release|Any CPU
		{9BDDC02F-04C1-412E-AAB7-EDE638275EED}.Release|x86.ActiveCfg = Release|Any CPU
		{9BDDC02F-04C1-412E-AAB7-EDE638275EED}.Release|x86.Build.0 = Release|Any CPU
		{2CEA324D-3B7C-462A-8A2C-755F6EE1E4FA}.Debug|Any CPU.ActiveCfg = Debug|Any CPU
		{2CEA324D-3B7C-462A-8A2C-755F6EE1E4FA}.Debug|Any CPU.Build.0 = Debug|Any CPU
		{2CEA324D-3B7C-462A-8A2C-755F6EE1E4FA}.Debug|x86.ActiveCfg = Debug|Any CPU
		{2CEA324D-3B7C-462A-8A2C-755F6EE1E4FA}.Debug|x86.Build.0 = Debug|Any CPU
		{2CEA324D-3B7C-462A-8A2C-755F6EE1E4FA}.Release|Any CPU.ActiveCfg = Release|Any CPU
		{2CEA324D-3B7C-462A-8A2C-755F6EE1E4FA}.Release|Any CPU.Build.0 = Release|Any CPU
		{2CEA324D-3B7C-462A-8A2C-755F6EE1E4FA}.Release|x86.ActiveCfg = Release|Any CPU
		{2CEA324D-3B7C-462A-8A2C-755F6EE1E4FA}.Release|x86.Build.0 = Release|Any CPU
		{5C8331A8-7EE7-4722-A5E9-A81AF5247456}.Debug|Any CPU.ActiveCfg = Debug|Any CPU
		{5C8331A8-7EE7-4722-A5E9-A81AF5247456}.Debug|Any CPU.Build.0 = Debug|Any CPU
		{5C8331A8-7EE7-4722-A5E9-A81AF5247456}.Debug|x86.ActiveCfg = Debug|Any CPU
		{5C8331A8-7EE7-4722-A5E9-A81AF5247456}.Debug|x86.Build.0 = Debug|Any CPU
		{5C8331A8-7EE7-4722-A5E9-A81AF5247456}.Release|Any CPU.ActiveCfg = Release|Any CPU
		{5C8331A8-7EE7-4722-A5E9-A81AF5247456}.Release|Any CPU.Build.0 = Release|Any CPU
		{5C8331A8-7EE7-4722-A5E9-A81AF5247456}.Release|x86.ActiveCfg = Release|Any CPU
		{5C8331A8-7EE7-4722-A5E9-A81AF5247456}.Release|x86.Build.0 = Release|Any CPU
		{3E0E26CB-1CA1-49DA-8579-6CF24C3F2199}.Debug|Any CPU.ActiveCfg = Debug|Any CPU
		{3E0E26CB-1CA1-49DA-8579-6CF24C3F2199}.Debug|Any CPU.Build.0 = Debug|Any CPU
		{3E0E26CB-1CA1-49DA-8579-6CF24C3F2199}.Debug|x86.ActiveCfg = Debug|Any CPU
		{3E0E26CB-1CA1-49DA-8579-6CF24C3F2199}.Debug|x86.Build.0 = Debug|Any CPU
		{3E0E26CB-1CA1-49DA-8579-6CF24C3F2199}.Release|Any CPU.ActiveCfg = Release|Any CPU
		{3E0E26CB-1CA1-49DA-8579-6CF24C3F2199}.Release|Any CPU.Build.0 = Release|Any CPU
		{3E0E26CB-1CA1-49DA-8579-6CF24C3F2199}.Release|x86.ActiveCfg = Release|Any CPU
		{3E0E26CB-1CA1-49DA-8579-6CF24C3F2199}.Release|x86.Build.0 = Release|Any CPU
		{AE6FD305-CE22-418B-A940-3A9B2DED9EEA}.Debug|Any CPU.ActiveCfg = Debug|Any CPU
		{AE6FD305-CE22-418B-A940-3A9B2DED9EEA}.Debug|Any CPU.Build.0 = Debug|Any CPU
		{AE6FD305-CE22-418B-A940-3A9B2DED9EEA}.Debug|x86.ActiveCfg = Debug|Any CPU
		{AE6FD305-CE22-418B-A940-3A9B2DED9EEA}.Debug|x86.Build.0 = Debug|Any CPU
		{AE6FD305-CE22-418B-A940-3A9B2DED9EEA}.Release|Any CPU.ActiveCfg = Release|Any CPU
		{AE6FD305-CE22-418B-A940-3A9B2DED9EEA}.Release|Any CPU.Build.0 = Release|Any CPU
		{AE6FD305-CE22-418B-A940-3A9B2DED9EEA}.Release|x86.ActiveCfg = Release|Any CPU
		{AE6FD305-CE22-418B-A940-3A9B2DED9EEA}.Release|x86.Build.0 = Release|Any CPU
		{14D7E205-150C-4DF7-9CE8-B5F8E6D6635E}.Debug|Any CPU.ActiveCfg = Debug|Any CPU
		{14D7E205-150C-4DF7-9CE8-B5F8E6D6635E}.Debug|Any CPU.Build.0 = Debug|Any CPU
		{14D7E205-150C-4DF7-9CE8-B5F8E6D6635E}.Debug|x86.ActiveCfg = Debug|Any CPU
		{14D7E205-150C-4DF7-9CE8-B5F8E6D6635E}.Debug|x86.Build.0 = Debug|Any CPU
		{14D7E205-150C-4DF7-9CE8-B5F8E6D6635E}.Release|Any CPU.ActiveCfg = Release|Any CPU
		{14D7E205-150C-4DF7-9CE8-B5F8E6D6635E}.Release|Any CPU.Build.0 = Release|Any CPU
		{14D7E205-150C-4DF7-9CE8-B5F8E6D6635E}.Release|x86.ActiveCfg = Release|Any CPU
		{14D7E205-150C-4DF7-9CE8-B5F8E6D6635E}.Release|x86.Build.0 = Release|Any CPU
		{CEB61362-762F-4186-9A31-D3E01E7068C5}.Debug|Any CPU.ActiveCfg = Debug|Any CPU
		{CEB61362-762F-4186-9A31-D3E01E7068C5}.Debug|Any CPU.Build.0 = Debug|Any CPU
		{CEB61362-762F-4186-9A31-D3E01E7068C5}.Debug|x86.ActiveCfg = Debug|Any CPU
		{CEB61362-762F-4186-9A31-D3E01E7068C5}.Debug|x86.Build.0 = Debug|Any CPU
		{CEB61362-762F-4186-9A31-D3E01E7068C5}.Release|Any CPU.ActiveCfg = Release|Any CPU
		{CEB61362-762F-4186-9A31-D3E01E7068C5}.Release|Any CPU.Build.0 = Release|Any CPU
		{CEB61362-762F-4186-9A31-D3E01E7068C5}.Release|x86.ActiveCfg = Release|Any CPU
		{CEB61362-762F-4186-9A31-D3E01E7068C5}.Release|x86.Build.0 = Release|Any CPU
		{8F85D541-CE2A-424C-835B-ED9657E49E0A}.Debug|Any CPU.ActiveCfg = Debug|Any CPU
		{8F85D541-CE2A-424C-835B-ED9657E49E0A}.Debug|Any CPU.Build.0 = Debug|Any CPU
		{8F85D541-CE2A-424C-835B-ED9657E49E0A}.Debug|x86.ActiveCfg = Debug|Any CPU
		{8F85D541-CE2A-424C-835B-ED9657E49E0A}.Debug|x86.Build.0 = Debug|Any CPU
		{8F85D541-CE2A-424C-835B-ED9657E49E0A}.Release|Any CPU.ActiveCfg = Release|Any CPU
		{8F85D541-CE2A-424C-835B-ED9657E49E0A}.Release|Any CPU.Build.0 = Release|Any CPU
		{8F85D541-CE2A-424C-835B-ED9657E49E0A}.Release|x86.ActiveCfg = Release|Any CPU
		{8F85D541-CE2A-424C-835B-ED9657E49E0A}.Release|x86.Build.0 = Release|Any CPU
		{CC4FDB5A-EE43-4025-9592-B0AC91DC03B7}.Debug|Any CPU.ActiveCfg = Debug|Any CPU
		{CC4FDB5A-EE43-4025-9592-B0AC91DC03B7}.Debug|Any CPU.Build.0 = Debug|Any CPU
		{CC4FDB5A-EE43-4025-9592-B0AC91DC03B7}.Debug|x86.ActiveCfg = Debug|Any CPU
		{CC4FDB5A-EE43-4025-9592-B0AC91DC03B7}.Debug|x86.Build.0 = Debug|Any CPU
		{CC4FDB5A-EE43-4025-9592-B0AC91DC03B7}.Release|Any CPU.ActiveCfg = Release|Any CPU
		{CC4FDB5A-EE43-4025-9592-B0AC91DC03B7}.Release|Any CPU.Build.0 = Release|Any CPU
		{CC4FDB5A-EE43-4025-9592-B0AC91DC03B7}.Release|x86.ActiveCfg = Release|Any CPU
		{CC4FDB5A-EE43-4025-9592-B0AC91DC03B7}.Release|x86.Build.0 = Release|Any CPU
		{1D1266BC-7A77-4020-A75D-6077C4418E3F}.Debug|Any CPU.ActiveCfg = Debug|Any CPU
		{1D1266BC-7A77-4020-A75D-6077C4418E3F}.Debug|Any CPU.Build.0 = Debug|Any CPU
		{1D1266BC-7A77-4020-A75D-6077C4418E3F}.Debug|x86.ActiveCfg = Debug|Any CPU
		{1D1266BC-7A77-4020-A75D-6077C4418E3F}.Debug|x86.Build.0 = Debug|Any CPU
		{1D1266BC-7A77-4020-A75D-6077C4418E3F}.Release|Any CPU.ActiveCfg = Release|Any CPU
		{1D1266BC-7A77-4020-A75D-6077C4418E3F}.Release|Any CPU.Build.0 = Release|Any CPU
		{1D1266BC-7A77-4020-A75D-6077C4418E3F}.Release|x86.ActiveCfg = Release|Any CPU
		{1D1266BC-7A77-4020-A75D-6077C4418E3F}.Release|x86.Build.0 = Release|Any CPU
		{212A95AF-5870-47E0-95CA-7A888091EA8E}.Debug|Any CPU.ActiveCfg = Debug|Any CPU
		{212A95AF-5870-47E0-95CA-7A888091EA8E}.Debug|Any CPU.Build.0 = Debug|Any CPU
		{212A95AF-5870-47E0-95CA-7A888091EA8E}.Debug|x86.ActiveCfg = Debug|Any CPU
		{212A95AF-5870-47E0-95CA-7A888091EA8E}.Debug|x86.Build.0 = Debug|Any CPU
		{212A95AF-5870-47E0-95CA-7A888091EA8E}.Release|Any CPU.ActiveCfg = Release|Any CPU
		{212A95AF-5870-47E0-95CA-7A888091EA8E}.Release|Any CPU.Build.0 = Release|Any CPU
		{212A95AF-5870-47E0-95CA-7A888091EA8E}.Release|x86.ActiveCfg = Release|Any CPU
		{212A95AF-5870-47E0-95CA-7A888091EA8E}.Release|x86.Build.0 = Release|Any CPU
		{F805E063-19C8-4DA5-9B4A-FE2A0E5A4C2C}.Debug|Any CPU.ActiveCfg = Debug|Any CPU
		{F805E063-19C8-4DA5-9B4A-FE2A0E5A4C2C}.Debug|Any CPU.Build.0 = Debug|Any CPU
		{F805E063-19C8-4DA5-9B4A-FE2A0E5A4C2C}.Debug|x86.ActiveCfg = Debug|Any CPU
		{F805E063-19C8-4DA5-9B4A-FE2A0E5A4C2C}.Debug|x86.Build.0 = Debug|Any CPU
		{F805E063-19C8-4DA5-9B4A-FE2A0E5A4C2C}.Release|Any CPU.ActiveCfg = Release|Any CPU
		{F805E063-19C8-4DA5-9B4A-FE2A0E5A4C2C}.Release|Any CPU.Build.0 = Release|Any CPU
		{F805E063-19C8-4DA5-9B4A-FE2A0E5A4C2C}.Release|x86.ActiveCfg = Release|Any CPU
		{F805E063-19C8-4DA5-9B4A-FE2A0E5A4C2C}.Release|x86.Build.0 = Release|Any CPU
		{24C5FBEF-ED08-4C00-B364-A3FF52341997}.Debug|Any CPU.ActiveCfg = Debug|x86
		{24C5FBEF-ED08-4C00-B364-A3FF52341997}.Debug|x86.ActiveCfg = Debug|x86
		{24C5FBEF-ED08-4C00-B364-A3FF52341997}.Debug|x86.Build.0 = Debug|x86
		{24C5FBEF-ED08-4C00-B364-A3FF52341997}.Release|Any CPU.ActiveCfg = Release|x86
		{24C5FBEF-ED08-4C00-B364-A3FF52341997}.Release|x86.ActiveCfg = Release|x86
		{24C5FBEF-ED08-4C00-B364-A3FF52341997}.Release|x86.Build.0 = Release|x86
		{CA276DB5-AA0D-4C88-B986-498D8BBF9AE8}.Debug|Any CPU.ActiveCfg = Debug|Any CPU
		{CA276DB5-AA0D-4C88-B986-498D8BBF9AE8}.Debug|Any CPU.Build.0 = Debug|Any CPU
		{CA276DB5-AA0D-4C88-B986-498D8BBF9AE8}.Debug|x86.ActiveCfg = Debug|Any CPU
		{CA276DB5-AA0D-4C88-B986-498D8BBF9AE8}.Debug|x86.Build.0 = Debug|Any CPU
		{CA276DB5-AA0D-4C88-B986-498D8BBF9AE8}.Release|Any CPU.ActiveCfg = Release|Any CPU
		{CA276DB5-AA0D-4C88-B986-498D8BBF9AE8}.Release|Any CPU.Build.0 = Release|Any CPU
		{CA276DB5-AA0D-4C88-B986-498D8BBF9AE8}.Release|x86.ActiveCfg = Release|Any CPU
		{CA276DB5-AA0D-4C88-B986-498D8BBF9AE8}.Release|x86.Build.0 = Release|Any CPU
		{3F5B25BD-83FE-4BBA-8AA0-E5CF58E067C6}.Debug|Any CPU.ActiveCfg = Debug|Any CPU
		{3F5B25BD-83FE-4BBA-8AA0-E5CF58E067C6}.Debug|Any CPU.Build.0 = Debug|Any CPU
		{3F5B25BD-83FE-4BBA-8AA0-E5CF58E067C6}.Debug|x86.ActiveCfg = Debug|Any CPU
		{3F5B25BD-83FE-4BBA-8AA0-E5CF58E067C6}.Debug|x86.Build.0 = Debug|Any CPU
		{3F5B25BD-83FE-4BBA-8AA0-E5CF58E067C6}.Release|Any CPU.ActiveCfg = Release|Any CPU
		{3F5B25BD-83FE-4BBA-8AA0-E5CF58E067C6}.Release|Any CPU.Build.0 = Release|Any CPU
		{3F5B25BD-83FE-4BBA-8AA0-E5CF58E067C6}.Release|x86.ActiveCfg = Release|Any CPU
		{3F5B25BD-83FE-4BBA-8AA0-E5CF58E067C6}.Release|x86.Build.0 = Release|Any CPU
		{C6D23311-DABF-48B4-8C4B-F39DF6B73024}.Debug|Any CPU.ActiveCfg = Debug|Any CPU
		{C6D23311-DABF-48B4-8C4B-F39DF6B73024}.Debug|Any CPU.Build.0 = Debug|Any CPU
		{C6D23311-DABF-48B4-8C4B-F39DF6B73024}.Debug|x86.ActiveCfg = Debug|Any CPU
		{C6D23311-DABF-48B4-8C4B-F39DF6B73024}.Debug|x86.Build.0 = Debug|Any CPU
		{C6D23311-DABF-48B4-8C4B-F39DF6B73024}.Release|Any CPU.ActiveCfg = Release|Any CPU
		{C6D23311-DABF-48B4-8C4B-F39DF6B73024}.Release|Any CPU.Build.0 = Release|Any CPU
		{C6D23311-DABF-48B4-8C4B-F39DF6B73024}.Release|x86.ActiveCfg = Release|Any CPU
		{C6D23311-DABF-48B4-8C4B-F39DF6B73024}.Release|x86.Build.0 = Release|Any CPU
		{220B7C8C-E665-4178-B1E1-42AF0247FFC8}.Debug|Any CPU.ActiveCfg = Debug|x86
		{220B7C8C-E665-4178-B1E1-42AF0247FFC8}.Debug|x86.ActiveCfg = Debug|x86
		{220B7C8C-E665-4178-B1E1-42AF0247FFC8}.Debug|x86.Build.0 = Debug|x86
		{220B7C8C-E665-4178-B1E1-42AF0247FFC8}.Release|Any CPU.ActiveCfg = Release|x86
		{220B7C8C-E665-4178-B1E1-42AF0247FFC8}.Release|x86.ActiveCfg = Release|x86
		{220B7C8C-E665-4178-B1E1-42AF0247FFC8}.Release|x86.Build.0 = Release|x86
	EndGlobalSection
	GlobalSection(SolutionProperties) = preSolution
		HideSolutionNode = FALSE
	EndGlobalSection
	GlobalSection(NestedProjects) = preSolution
		{2CEA324D-3B7C-462A-8A2C-755F6EE1E4FA} = {551D5436-F215-4C37-9507-5DE9CF442F2A}
		{5C8331A8-7EE7-4722-A5E9-A81AF5247456} = {551D5436-F215-4C37-9507-5DE9CF442F2A}
		{3E0E26CB-1CA1-49DA-8579-6CF24C3F2199} = {551D5436-F215-4C37-9507-5DE9CF442F2A}
		{AE6FD305-CE22-418B-A940-3A9B2DED9EEA} = {551D5436-F215-4C37-9507-5DE9CF442F2A}
		{14D7E205-150C-4DF7-9CE8-B5F8E6D6635E} = {57BC5CB1-E10D-4901-8252-4CE5439B5860}
		{CEB61362-762F-4186-9A31-D3E01E7068C5} = {57BC5CB1-E10D-4901-8252-4CE5439B5860}
		{8F85D541-CE2A-424C-835B-ED9657E49E0A} = {551D5436-F215-4C37-9507-5DE9CF442F2A}
		{CC4FDB5A-EE43-4025-9592-B0AC91DC03B7} = {551D5436-F215-4C37-9507-5DE9CF442F2A}
		{1D1266BC-7A77-4020-A75D-6077C4418E3F} = {551D5436-F215-4C37-9507-5DE9CF442F2A}
		{212A95AF-5870-47E0-95CA-7A888091EA8E} = {57BC5CB1-E10D-4901-8252-4CE5439B5860}
		{F805E063-19C8-4DA5-9B4A-FE2A0E5A4C2C} = {551D5436-F215-4C37-9507-5DE9CF442F2A}
		{24C5FBEF-ED08-4C00-B364-A3FF52341997} = {551D5436-F215-4C37-9507-5DE9CF442F2A}
		{CA276DB5-AA0D-4C88-B986-498D8BBF9AE8} = {57BC5CB1-E10D-4901-8252-4CE5439B5860}
		{3F5B25BD-83FE-4BBA-8AA0-E5CF58E067C6} = {57BC5CB1-E10D-4901-8252-4CE5439B5860}
		{C6D23311-DABF-48B4-8C4B-F39DF6B73024} = {57BC5CB1-E10D-4901-8252-4CE5439B5860}
		{220B7C8C-E665-4178-B1E1-42AF0247FFC8} = {551D5436-F215-4C37-9507-5DE9CF442F2A}
	EndGlobalSection
	GlobalSection(ExtensibilityGlobals) = postSolution
		SolutionGuid = {D78EB25E-8ECD-4DC7-94C2-4669A24B0B75}
	EndGlobalSection
EndGlobal
