
Microsoft Visual Studio Solution File, Format Version 12.00
# Visual Studio 15
VisualStudioVersion = 15.0.28010.2016
MinimumVisualStudioVersion = 10.0.40219.1
Project("{FAE04EC0-301F-11D3-BF4B-00C04F79EFBC}") = "NJIS.FPZWS.LineControl.Cutting.UI", "NJIS.FPZWS.LineControl.Cutting\NJIS.FPZWS.LineControl.Cutting.UI.csproj", "{B21DCB00-B47A-460C-9E13-E7E8A031E831}"
EndProject
Project("{2150E333-8FDC-42A3-9474-1A3956D46DE8}") = "01.libs", "01.libs", "{4105ADCD-6A53-4B7B-8556-07CBF668BA16}"
EndProject
Project("{FAE04EC0-301F-11D3-BF4B-00C04F79EFBC}") = "NJIS.Common", "..\Libraries\NJIS.Common\NJIS.Common.csproj", "{DD68A459-27FD-4A78-AE2D-709CA13C7114}"
EndProject
Project("{FAE04EC0-301F-11D3-BF4B-00C04F79EFBC}") = "NJIS.FPZWS.Config.CC", "..\Libraries\NJIS.FPZWS.Config.CC\NJIS.FPZWS.Config.CC.csproj", "{A5A372E3-5E9C-433B-B91A-46AE33F50350}"
EndProject
Project("{FAE04EC0-301F-11D3-BF4B-00C04F79EFBC}") = "NJIS.FPZWS.Wcf", "..\Libraries\NJIS.FPZWS.Wcf\NJIS.FPZWS.Wcf.csproj", "{54DB5DA6-22DC-42B0-AFDC-644893ACAD4B}"
EndProject
Project("{FAE04EC0-301F-11D3-BF4B-00C04F79EFBC}") = "NJIS.FPZWS.Wcf.App", "..\Libraries\NJIS.FPZWS.Wcf.App\NJIS.FPZWS.Wcf.App.csproj", "{5870793C-97E4-469F-B3FC-B42F27F7680E}"
EndProject
Project("{FAE04EC0-301F-11D3-BF4B-00C04F79EFBC}") = "NJIS.Tools.Client", "..\Libraries\NJIS.Tools.Client\NJIS.Tools.Client.csproj", "{62E48626-302B-449D-8EF5-98F3259126CA}"
EndProject
Project("{FAE04EC0-301F-11D3-BF4B-00C04F79EFBC}") = "NJIS.Windows.TemplateBase", "..\Libraries\NJIS.Windows.TemplateBase\NJIS.Windows.TemplateBase.csproj", "{72581702-4AB2-4849-AB30-4D249995F254}"
EndProject
Project("{FAE04EC0-301F-11D3-BF4B-00C04F79EFBC}") = "NJIS.FPZWS.UI.Common", "..\Libraries\NJIS.FPZWS.UI.Common\NJIS.FPZWS.UI.Common.csproj", "{CA276DB5-AA0D-4C88-B986-498D8BBF9AE8}"
EndProject
Project("{2150E333-8FDC-42A3-9474-1A3956D46DE8}") = "Client", "Client", "{E90ED859-60ED-49A0-8BA2-A351D82F998B}"
EndProject
Project("{2150E333-8FDC-42A3-9474-1A3956D46DE8}") = "NJIS.FPZWS.LineControl.Cutting", "NJIS.FPZWS.LineControl.Cutting", "{0BF45AE2-58B6-4FAB-9AFB-4DC3A9D51415}"
EndProject
Project("{FAE04EC0-301F-11D3-BF4B-00C04F79EFBC}") = "NJIS.Dapper.Repositories", "..\Libraries\NJIS.Dapper.Repositories\NJIS.Dapper.Repositories.csproj", "{212A95AF-5870-47E0-95CA-7A888091EA8E}"
EndProject
Project("{FAE04EC0-301F-11D3-BF4B-00C04F79EFBC}") = "NJIS.Model.Attributes", "..\Libraries\NJIS.Model.Attributes\NJIS.Model.Attributes.csproj", "{14D7E205-150C-4DF7-9CE8-B5F8E6D6635E}"
EndProject
Project("{2150E333-8FDC-42A3-9474-1A3956D46DE8}") = "Server", "Server", "{D88B7501-E0BC-4C28-B74A-E3187F9A14E3}"
EndProject
Project("{FAE04EC0-301F-11D3-BF4B-00C04F79EFBC}") = "NJIS.FPZWS.LineControl.Cutting.Model", "NJIS.FPZWS.LineControl.Cutting.Model\NJIS.FPZWS.LineControl.Cutting.Model.csproj", "{2FA3ED16-7BE7-4FF8-971C-6810F31F7078}"
EndProject
Project("{FAE04EC0-301F-11D3-BF4B-00C04F79EFBC}") = "NJIS.FPZWS.LineControl.Cutting.Contract", "NJIS.FPZWS.LineControl.Cutting.Contract\NJIS.FPZWS.LineControl.Cutting.Contract.csproj", "{C1031F20-6A47-47A2-B618-B560E08F53AF}"
EndProject
Project("{FAE04EC0-301F-11D3-BF4B-00C04F79EFBC}") = "NJIS.FPZWS.LineControl.Cutting.Repository", "NJIS.FPZWS.LineControl.Cutting.Repository\NJIS.FPZWS.LineControl.Cutting.Repository.csproj", "{F7E72F74-7649-4A5B-94BE-F0FA18A8BFF8}"
EndProject
Project("{FAE04EC0-301F-11D3-BF4B-00C04F79EFBC}") = "NJIS.FPZWS.LineControl.Cutting.Service", "NJIS.FPZWS.LineControl.Cutting.Service\NJIS.FPZWS.LineControl.Cutting.Service.csproj", "{5DC2415A-468C-4528-BCED-798D80BB5D10}"
EndProject
Project("{FAE04EC0-301F-11D3-BF4B-00C04F79EFBC}") = "NJIS.FPZWS.LineControl.Cutting.Core", "NJIS.FPZWS.LineControl.Cutting.Core\NJIS.FPZWS.LineControl.Cutting.Core.csproj", "{7287C0B9-FC16-4C01-87EE-8D2F1BB4DB5B}"
EndProject
Project("{FAE04EC0-301F-11D3-BF4B-00C04F79EFBC}") = "NJIS.FPZWS.LineControl.Cutting.Domain", "NJIS.FPZWS.LineControl.Cutting.Doamin\NJIS.FPZWS.LineControl.Cutting.Domain.csproj", "{3595EBE2-0731-4A32-8500-0459E6C36E54}"
EndProject
Project("{FAE04EC0-301F-11D3-BF4B-00C04F79EFBC}") = "NJIS.FPZWS.LineControl.Cutting.Server.Client", "NJIS.FPZWS.LineControl.Cutting.Server.Client\NJIS.FPZWS.LineControl.Cutting.Server.Client.csproj", "{9BECA2EB-6323-4B16-9806-93A861A037EF}"
EndProject
Project("{FAE04EC0-301F-11D3-BF4B-00C04F79EFBC}") = "NJIS.FPZWS.LineControl.Cutting.Message", "NJIS.FPZWS.LineControl.Cutting.Message\NJIS.FPZWS.LineControl.Cutting.Message.csproj", "{4CA2FD0C-7F3F-47A0-872F-F600529F68A6}"
EndProject
Project("{FAE04EC0-301F-11D3-BF4B-00C04F79EFBC}") = "NJIS.FPZWS.MqttClient", "..\Libraries\NJIS.FPZWS.MqttClient\NJIS.FPZWS.MqttClient.csproj", "{CEB61362-762F-4186-9A31-D3E01E7068C5}"
EndProject
Project("{FAE04EC0-301F-11D3-BF4B-00C04F79EFBC}") = "NJIS.FPZWS.LineControl.Cutting.Simulator", "NJIS.FPZWS.LineControl.Cutting.Simulator\NJIS.FPZWS.LineControl.Cutting.Simulator.csproj", "{07404705-FC6D-4904-A546-FEE07303C3D2}"
EndProject
Project("{FAE04EC0-301F-11D3-BF4B-00C04F79EFBC}") = "NJIS.FPZWS.LineControl.PLC", "..\Libraries\NJIS.FPZWS.LineControl.PLC\NJIS.FPZWS.LineControl.PLC.csproj", "{D42D33D0-A285-453A-955C-EE519AADB6B6}"
EndProject
Project("{FAE04EC0-301F-11D3-BF4B-00C04F79EFBC}") = "NJIS.FPZWS.LineControl.PLC.Config", "..\Libraries\NJIS.FPZWS.LineControl.PLC.Config\NJIS.FPZWS.LineControl.PLC.Config.csproj", "{CA9B017D-A99B-4087-A85F-DCEA2A9F0168}"
EndProject
Project("{FAE04EC0-301F-11D3-BF4B-00C04F79EFBC}") = "NJIS.FPZWS.LineControl.PLC.Siemens.S7Net", "..\Libraries\NJIS.FPZWS.LineControl.PLC.Siemens.S7Net\NJIS.FPZWS.LineControl.PLC.Siemens.S7Net.csproj", "{9BDDC02F-04C1-412E-AAB7-EDE638275EED}"
EndProject
Project("{FAE04EC0-301F-11D3-BF4B-00C04F79EFBC}") = "NJIS.PLC.Communication", "..\Libraries\NJIS.PLC.Communication\NJIS.PLC.Communication.csproj", "{B6E82191-713C-4668-BABD-1C3A3C437C50}"
EndProject
Project("{2150E333-8FDC-42A3-9474-1A3956D46DE8}") = "Tests", "Tests", "{93C2AA56-7003-441B-87AF-E0AC118328E3}"
EndProject
Project("{FAE04EC0-301F-11D3-BF4B-00C04F79EFBC}") = "ArithmeticsTest", "ArithmeticsTest\ArithmeticsTest.csproj", "{A1AA4F41-146C-4790-A586-17CC1A49AA53}"
EndProject
Project("{FAE04EC0-301F-11D3-BF4B-00C04F79EFBC}") = "Arithmetics", "Arithmetics\Arithmetics.csproj", "{A1BCBFC1-CDEA-4440-9B53-4A71014060AD}"
EndProject
Project("{FAE04EC0-301F-11D3-BF4B-00C04F79EFBC}") = "NJIS.FPZWS.LineControl.Cutting.DomainPlus", "NJIS.FPZWS.LineControl.Cutting.DomainPlus\NJIS.FPZWS.LineControl.Cutting.DomainPlus.csproj", "{E9971165-B79F-4D2E-8937-6A9F85B7BF30}"
EndProject
Project("{2150E333-8FDC-42A3-9474-1A3956D46DE8}") = "ServerPlus", "ServerPlus", "{692C20F2-4947-4392-9E4D-55DDDCACA9FE}"
EndProject
Project("{FAE04EC0-301F-11D3-BF4B-00C04F79EFBC}") = "NJIS.FPZWS.LineControl.Cutting.ContractPlus", "NJIS.FPZWS.LineControl.Cutting.ContractPlus\NJIS.FPZWS.LineControl.Cutting.ContractPlus.csproj", "{22F6A4EF-A93B-4E0F-99AB-F65FDB62E5C9}"
EndProject
Project("{FAE04EC0-301F-11D3-BF4B-00C04F79EFBC}") = "NJIS.FPZWS.LineControl.Cutting.ModelPlus", "NJIS.FPZWS.LineControl.Cutting.ModelPlus\NJIS.FPZWS.LineControl.Cutting.ModelPlus.csproj", "{F2FAD384-8989-41A6-8A67-58DADEECCD20}"
EndProject
Project("{FAE04EC0-301F-11D3-BF4B-00C04F79EFBC}") = "NJIS.FPZWS.LineControl.Cutting.RepositoryPlus", "NJIS.FPZWS.LineControl.Cutting.RepositoryPlus\NJIS.FPZWS.LineControl.Cutting.RepositoryPlus.csproj", "{3DB4F84C-9CD1-4CBB-9EE3-925B6EC74DD7}"
EndProject
Project("{FAE04EC0-301F-11D3-BF4B-00C04F79EFBC}") = "NJIS.FPZWS.LineControl.Cutting.ServicePlus", "NJIS.FPZWS.LineControl.Cutting.ServicePlus\NJIS.FPZWS.LineControl.Cutting.ServicePlus.csproj", "{CFB92635-52E7-44EF-A3C7-0B13EA009CDD}"
EndProject
Project("{2150E333-8FDC-42A3-9474-1A3956D46DE8}") = "ServerBase", "ServerBase", "{DF87AC55-3A8D-43B5-8B4E-7EF61C681BEF}"
EndProject
Project("{FAE04EC0-301F-11D3-BF4B-00C04F79EFBC}") = "NJIS.FPZWS.LineControl.Cutting.PatternCore", "NJIS.FPZWS.LineControl.Cutting.PatternCore\NJIS.FPZWS.LineControl.Cutting.PatternCore.csproj", "{B4E432B8-A0CF-483C-84C8-D131233FB5B0}"
EndProject
Project("{FAE04EC0-301F-11D3-BF4B-00C04F79EFBC}") = "NJIS.FPZWS.LineControl.Cutting.PatternDomain", "NJIS.FPZWS.LineControl.Cutting.PatternDomain\NJIS.FPZWS.LineControl.Cutting.PatternDomain.csproj", "{641829A2-F3B4-48F4-AF44-3B016B1B990E}"
EndProject
Project("{FAE04EC0-301F-11D3-BF4B-00C04F79EFBC}") = "NJIS.FPZWS.App", "..\Libraries\NJIS.FPZWS.App\NJIS.FPZWS.App.csproj", "{9334FD0A-2315-4EED-8EF3-D28612C2A157}"
EndProject
Project("{FAE04EC0-301F-11D3-BF4B-00C04F79EFBC}") = "NJIS.FPZWS.LineControl.Manager", "NJIS.FPZWS.LineControl.Manager\NJIS.FPZWS.LineControl.Manager.csproj", "{F4DF7A04-B0EF-4CDB-832C-392C37AD1FCC}"
EndProject
Project("{FAE04EC0-301F-11D3-BF4B-00C04F79EFBC}") = "NJIS.FPZWS.LineControl.CuttingDevice", "NJIS.FPZWS.LineControl.CuttingDevice\NJIS.FPZWS.LineControl.CuttingDevice.csproj", "{7EF54AE8-8DC7-4E05-8729-5BF15B66E10D}"
EndProject
Project("{FAE04EC0-301F-11D3-BF4B-00C04F79EFBC}") = "ReCreatedMdb", "ReCreatedMdb\ReCreatedMdb.csproj", "{8AE42A6D-5044-4BF9-8BDB-A315CDFBC6C3}"
EndProject
Project("{FAE04EC0-301F-11D3-BF4B-00C04F79EFBC}") = "NJIS.FPZWS.Common", "..\Libraries\NJIS.FPZWS.Common\NJIS.FPZWS.Common.csproj", "{33B9D348-1F64-42DB-B43A-37E95FECA61C}"
EndProject
Project("{FAE04EC0-301F-11D3-BF4B-00C04F79EFBC}") = "NJIS.Ini", "..\Libraries\NJIS.Ini\NJIS.Ini.csproj", "{81F3FCA2-0810-419F-A660-2707C35B3BB6}"
EndProject
Project("{FAE04EC0-301F-11D3-BF4B-00C04F79EFBC}") = "ServicePlusTest", "ServicePlusTest3\ServicePlusTest.csproj", "{5CA534EB-AF95-44CA-9683-381CA443C48A}"
EndProject
Project("{2150E333-8FDC-42A3-9474-1A3956D46DE8}") = "WindowsService", "WindowsService", "{E2592742-C0D9-4C9D-AD4D-792981922C7D}"
EndProject
Project("{FAE04EC0-301F-11D3-BF4B-00C04F79EFBC}") = "NJIS.FPZWS.LineControl.Manager.Service", "NJIS.FPZWS.LineControl.Manager.Service\NJIS.FPZWS.LineControl.Manager.Service.csproj", "{F2DFD83E-7FD0-4C76-9DFC-ADF7CFEF90F1}"
EndProject
Global
	GlobalSection(SolutionConfigurationPlatforms) = preSolution
		Debug|Any CPU = Debug|Any CPU
		Debug|x86 = Debug|x86
		Release|Any CPU = Release|Any CPU
		Release|x86 = Release|x86
	EndGlobalSection
	GlobalSection(ProjectConfigurationPlatforms) = postSolution
		{B21DCB00-B47A-460C-9E13-E7E8A031E831}.Debug|Any CPU.ActiveCfg = Debug|Any CPU
		{B21DCB00-B47A-460C-9E13-E7E8A031E831}.Debug|Any CPU.Build.0 = Debug|Any CPU
		{B21DCB00-B47A-460C-9E13-E7E8A031E831}.Debug|x86.ActiveCfg = Debug|Any CPU
		{B21DCB00-B47A-460C-9E13-E7E8A031E831}.Debug|x86.Build.0 = Debug|Any CPU
		{B21DCB00-B47A-460C-9E13-E7E8A031E831}.Release|Any CPU.ActiveCfg = Release|Any CPU
		{B21DCB00-B47A-460C-9E13-E7E8A031E831}.Release|Any CPU.Build.0 = Release|Any CPU
		{B21DCB00-B47A-460C-9E13-E7E8A031E831}.Release|x86.ActiveCfg = Release|Any CPU
		{B21DCB00-B47A-460C-9E13-E7E8A031E831}.Release|x86.Build.0 = Release|Any CPU
		{DD68A459-27FD-4A78-AE2D-709CA13C7114}.Debug|Any CPU.ActiveCfg = Debug|Any CPU
		{DD68A459-27FD-4A78-AE2D-709CA13C7114}.Debug|Any CPU.Build.0 = Debug|Any CPU
		{DD68A459-27FD-4A78-AE2D-709CA13C7114}.Debug|x86.ActiveCfg = Debug|Any CPU
		{DD68A459-27FD-4A78-AE2D-709CA13C7114}.Debug|x86.Build.0 = Debug|Any CPU
		{DD68A459-27FD-4A78-AE2D-709CA13C7114}.Release|Any CPU.ActiveCfg = Release|Any CPU
		{DD68A459-27FD-4A78-AE2D-709CA13C7114}.Release|Any CPU.Build.0 = Release|Any CPU
		{DD68A459-27FD-4A78-AE2D-709CA13C7114}.Release|x86.ActiveCfg = Release|Any CPU
		{DD68A459-27FD-4A78-AE2D-709CA13C7114}.Release|x86.Build.0 = Release|Any CPU
		{A5A372E3-5E9C-433B-B91A-46AE33F50350}.Debug|Any CPU.ActiveCfg = Debug|Any CPU
		{A5A372E3-5E9C-433B-B91A-46AE33F50350}.Debug|Any CPU.Build.0 = Debug|Any CPU
		{A5A372E3-5E9C-433B-B91A-46AE33F50350}.Debug|x86.ActiveCfg = Debug|Any CPU
		{A5A372E3-5E9C-433B-B91A-46AE33F50350}.Debug|x86.Build.0 = Debug|Any CPU
		{A5A372E3-5E9C-433B-B91A-46AE33F50350}.Release|Any CPU.ActiveCfg = Release|Any CPU
		{A5A372E3-5E9C-433B-B91A-46AE33F50350}.Release|Any CPU.Build.0 = Release|Any CPU
		{A5A372E3-5E9C-433B-B91A-46AE33F50350}.Release|x86.ActiveCfg = Release|Any CPU
		{A5A372E3-5E9C-433B-B91A-46AE33F50350}.Release|x86.Build.0 = Release|Any CPU
		{54DB5DA6-22DC-42B0-AFDC-644893ACAD4B}.Debug|Any CPU.ActiveCfg = Debug|Any CPU
		{54DB5DA6-22DC-42B0-AFDC-644893ACAD4B}.Debug|Any CPU.Build.0 = Debug|Any CPU
		{54DB5DA6-22DC-42B0-AFDC-644893ACAD4B}.Debug|x86.ActiveCfg = Debug|Any CPU
		{54DB5DA6-22DC-42B0-AFDC-644893ACAD4B}.Debug|x86.Build.0 = Debug|Any CPU
		{54DB5DA6-22DC-42B0-AFDC-644893ACAD4B}.Release|Any CPU.ActiveCfg = Release|Any CPU
		{54DB5DA6-22DC-42B0-AFDC-644893ACAD4B}.Release|Any CPU.Build.0 = Release|Any CPU
		{54DB5DA6-22DC-42B0-AFDC-644893ACAD4B}.Release|x86.ActiveCfg = Release|Any CPU
		{54DB5DA6-22DC-42B0-AFDC-644893ACAD4B}.Release|x86.Build.0 = Release|Any CPU
		{5870793C-97E4-469F-B3FC-B42F27F7680E}.Debug|Any CPU.ActiveCfg = Debug|Any CPU
		{5870793C-97E4-469F-B3FC-B42F27F7680E}.Debug|Any CPU.Build.0 = Debug|Any CPU
		{5870793C-97E4-469F-B3FC-B42F27F7680E}.Debug|x86.ActiveCfg = Debug|Any CPU
		{5870793C-97E4-469F-B3FC-B42F27F7680E}.Debug|x86.Build.0 = Debug|Any CPU
		{5870793C-97E4-469F-B3FC-B42F27F7680E}.Release|Any CPU.ActiveCfg = Release|Any CPU
		{5870793C-97E4-469F-B3FC-B42F27F7680E}.Release|Any CPU.Build.0 = Release|Any CPU
		{5870793C-97E4-469F-B3FC-B42F27F7680E}.Release|x86.ActiveCfg = Release|Any CPU
		{5870793C-97E4-469F-B3FC-B42F27F7680E}.Release|x86.Build.0 = Release|Any CPU
		{62E48626-302B-449D-8EF5-98F3259126CA}.Debug|Any CPU.ActiveCfg = Debug|x86
		{62E48626-302B-449D-8EF5-98F3259126CA}.Debug|x86.ActiveCfg = Debug|x86
		{62E48626-302B-449D-8EF5-98F3259126CA}.Debug|x86.Build.0 = Debug|x86
		{62E48626-302B-449D-8EF5-98F3259126CA}.Release|Any CPU.ActiveCfg = Release|x86
		{62E48626-302B-449D-8EF5-98F3259126CA}.Release|x86.ActiveCfg = Release|x86
		{62E48626-302B-449D-8EF5-98F3259126CA}.Release|x86.Build.0 = Release|x86
		{72581702-4AB2-4849-AB30-4D249995F254}.Debug|Any CPU.ActiveCfg = Debug|x86
		{72581702-4AB2-4849-AB30-4D249995F254}.Debug|x86.ActiveCfg = Debug|x86
		{72581702-4AB2-4849-AB30-4D249995F254}.Debug|x86.Build.0 = Debug|x86
		{72581702-4AB2-4849-AB30-4D249995F254}.Release|Any CPU.ActiveCfg = Release|x86
		{72581702-4AB2-4849-AB30-4D249995F254}.Release|x86.ActiveCfg = Release|x86
		{72581702-4AB2-4849-AB30-4D249995F254}.Release|x86.Build.0 = Release|x86
		{CA276DB5-AA0D-4C88-B986-498D8BBF9AE8}.Debug|Any CPU.ActiveCfg = Debug|Any CPU
		{CA276DB5-AA0D-4C88-B986-498D8BBF9AE8}.Debug|Any CPU.Build.0 = Debug|Any CPU
		{CA276DB5-AA0D-4C88-B986-498D8BBF9AE8}.Debug|x86.ActiveCfg = Debug|Any CPU
		{CA276DB5-AA0D-4C88-B986-498D8BBF9AE8}.Debug|x86.Build.0 = Debug|Any CPU
		{CA276DB5-AA0D-4C88-B986-498D8BBF9AE8}.Release|Any CPU.ActiveCfg = Release|Any CPU
		{CA276DB5-AA0D-4C88-B986-498D8BBF9AE8}.Release|Any CPU.Build.0 = Release|Any CPU
		{CA276DB5-AA0D-4C88-B986-498D8BBF9AE8}.Release|x86.ActiveCfg = Release|Any CPU
		{CA276DB5-AA0D-4C88-B986-498D8BBF9AE8}.Release|x86.Build.0 = Release|Any CPU
		{212A95AF-5870-47E0-95CA-7A888091EA8E}.Debug|Any CPU.ActiveCfg = Debug|Any CPU
		{212A95AF-5870-47E0-95CA-7A888091EA8E}.Debug|Any CPU.Build.0 = Debug|Any CPU
		{212A95AF-5870-47E0-95CA-7A888091EA8E}.Debug|x86.ActiveCfg = Debug|Any CPU
		{212A95AF-5870-47E0-95CA-7A888091EA8E}.Debug|x86.Build.0 = Debug|Any CPU
		{212A95AF-5870-47E0-95CA-7A888091EA8E}.Release|Any CPU.ActiveCfg = Release|Any CPU
		{212A95AF-5870-47E0-95CA-7A888091EA8E}.Release|Any CPU.Build.0 = Release|Any CPU
		{212A95AF-5870-47E0-95CA-7A888091EA8E}.Release|x86.ActiveCfg = Release|Any CPU
		{212A95AF-5870-47E0-95CA-7A888091EA8E}.Release|x86.Build.0 = Release|Any CPU
		{14D7E205-150C-4DF7-9CE8-B5F8E6D6635E}.Debug|Any CPU.ActiveCfg = Debug|Any CPU
		{14D7E205-150C-4DF7-9CE8-B5F8E6D6635E}.Debug|Any CPU.Build.0 = Debug|Any CPU
		{14D7E205-150C-4DF7-9CE8-B5F8E6D6635E}.Debug|x86.ActiveCfg = Debug|Any CPU
		{14D7E205-150C-4DF7-9CE8-B5F8E6D6635E}.Debug|x86.Build.0 = Debug|Any CPU
		{14D7E205-150C-4DF7-9CE8-B5F8E6D6635E}.Release|Any CPU.ActiveCfg = Release|Any CPU
		{14D7E205-150C-4DF7-9CE8-B5F8E6D6635E}.Release|Any CPU.Build.0 = Release|Any CPU
		{14D7E205-150C-4DF7-9CE8-B5F8E6D6635E}.Release|x86.ActiveCfg = Release|Any CPU
		{14D7E205-150C-4DF7-9CE8-B5F8E6D6635E}.Release|x86.Build.0 = Release|Any CPU
		{2FA3ED16-7BE7-4FF8-971C-6810F31F7078}.Debug|Any CPU.ActiveCfg = Debug|Any CPU
		{2FA3ED16-7BE7-4FF8-971C-6810F31F7078}.Debug|Any CPU.Build.0 = Debug|Any CPU
		{2FA3ED16-7BE7-4FF8-971C-6810F31F7078}.Debug|x86.ActiveCfg = Debug|Any CPU
		{2FA3ED16-7BE7-4FF8-971C-6810F31F7078}.Debug|x86.Build.0 = Debug|Any CPU
		{2FA3ED16-7BE7-4FF8-971C-6810F31F7078}.Release|Any CPU.ActiveCfg = Release|Any CPU
		{2FA3ED16-7BE7-4FF8-971C-6810F31F7078}.Release|Any CPU.Build.0 = Release|Any CPU
		{2FA3ED16-7BE7-4FF8-971C-6810F31F7078}.Release|x86.ActiveCfg = Release|Any CPU
		{2FA3ED16-7BE7-4FF8-971C-6810F31F7078}.Release|x86.Build.0 = Release|Any CPU
		{C1031F20-6A47-47A2-B618-B560E08F53AF}.Debug|Any CPU.ActiveCfg = Debug|Any CPU
		{C1031F20-6A47-47A2-B618-B560E08F53AF}.Debug|Any CPU.Build.0 = Debug|Any CPU
		{C1031F20-6A47-47A2-B618-B560E08F53AF}.Debug|x86.ActiveCfg = Debug|Any CPU
		{C1031F20-6A47-47A2-B618-B560E08F53AF}.Debug|x86.Build.0 = Debug|Any CPU
		{C1031F20-6A47-47A2-B618-B560E08F53AF}.Release|Any CPU.ActiveCfg = Release|Any CPU
		{C1031F20-6A47-47A2-B618-B560E08F53AF}.Release|Any CPU.Build.0 = Release|Any CPU
		{C1031F20-6A47-47A2-B618-B560E08F53AF}.Release|x86.ActiveCfg = Release|Any CPU
		{C1031F20-6A47-47A2-B618-B560E08F53AF}.Release|x86.Build.0 = Release|Any CPU
		{F7E72F74-7649-4A5B-94BE-F0FA18A8BFF8}.Debug|Any CPU.ActiveCfg = Debug|Any CPU
		{F7E72F74-7649-4A5B-94BE-F0FA18A8BFF8}.Debug|Any CPU.Build.0 = Debug|Any CPU
		{F7E72F74-7649-4A5B-94BE-F0FA18A8BFF8}.Debug|x86.ActiveCfg = Debug|Any CPU
		{F7E72F74-7649-4A5B-94BE-F0FA18A8BFF8}.Debug|x86.Build.0 = Debug|Any CPU
		{F7E72F74-7649-4A5B-94BE-F0FA18A8BFF8}.Release|Any CPU.ActiveCfg = Release|Any CPU
		{F7E72F74-7649-4A5B-94BE-F0FA18A8BFF8}.Release|Any CPU.Build.0 = Release|Any CPU
		{F7E72F74-7649-4A5B-94BE-F0FA18A8BFF8}.Release|x86.ActiveCfg = Release|Any CPU
		{F7E72F74-7649-4A5B-94BE-F0FA18A8BFF8}.Release|x86.Build.0 = Release|Any CPU
		{5DC2415A-468C-4528-BCED-798D80BB5D10}.Debug|Any CPU.ActiveCfg = Debug|Any CPU
		{5DC2415A-468C-4528-BCED-798D80BB5D10}.Debug|Any CPU.Build.0 = Debug|Any CPU
		{5DC2415A-468C-4528-BCED-798D80BB5D10}.Debug|x86.ActiveCfg = Debug|Any CPU
		{5DC2415A-468C-4528-BCED-798D80BB5D10}.Debug|x86.Build.0 = Debug|Any CPU
		{5DC2415A-468C-4528-BCED-798D80BB5D10}.Release|Any CPU.ActiveCfg = Release|Any CPU
		{5DC2415A-468C-4528-BCED-798D80BB5D10}.Release|Any CPU.Build.0 = Release|Any CPU
		{5DC2415A-468C-4528-BCED-798D80BB5D10}.Release|x86.ActiveCfg = Release|Any CPU
		{5DC2415A-468C-4528-BCED-798D80BB5D10}.Release|x86.Build.0 = Release|Any CPU
		{7287C0B9-FC16-4C01-87EE-8D2F1BB4DB5B}.Debug|Any CPU.ActiveCfg = Debug|Any CPU
		{7287C0B9-FC16-4C01-87EE-8D2F1BB4DB5B}.Debug|Any CPU.Build.0 = Debug|Any CPU
		{7287C0B9-FC16-4C01-87EE-8D2F1BB4DB5B}.Debug|x86.ActiveCfg = Debug|Any CPU
		{7287C0B9-FC16-4C01-87EE-8D2F1BB4DB5B}.Debug|x86.Build.0 = Debug|Any CPU
		{7287C0B9-FC16-4C01-87EE-8D2F1BB4DB5B}.Release|Any CPU.ActiveCfg = Release|Any CPU
		{7287C0B9-FC16-4C01-87EE-8D2F1BB4DB5B}.Release|Any CPU.Build.0 = Release|Any CPU
		{7287C0B9-FC16-4C01-87EE-8D2F1BB4DB5B}.Release|x86.ActiveCfg = Release|Any CPU
		{7287C0B9-FC16-4C01-87EE-8D2F1BB4DB5B}.Release|x86.Build.0 = Release|Any CPU
		{3595EBE2-0731-4A32-8500-0459E6C36E54}.Debug|Any CPU.ActiveCfg = Debug|Any CPU
		{3595EBE2-0731-4A32-8500-0459E6C36E54}.Debug|Any CPU.Build.0 = Debug|Any CPU
		{3595EBE2-0731-4A32-8500-0459E6C36E54}.Debug|x86.ActiveCfg = Debug|Any CPU
		{3595EBE2-0731-4A32-8500-0459E6C36E54}.Debug|x86.Build.0 = Debug|Any CPU
		{3595EBE2-0731-4A32-8500-0459E6C36E54}.Release|Any CPU.ActiveCfg = Release|Any CPU
		{3595EBE2-0731-4A32-8500-0459E6C36E54}.Release|Any CPU.Build.0 = Release|Any CPU
		{3595EBE2-0731-4A32-8500-0459E6C36E54}.Release|x86.ActiveCfg = Release|Any CPU
		{3595EBE2-0731-4A32-8500-0459E6C36E54}.Release|x86.Build.0 = Release|Any CPU
		{9BECA2EB-6323-4B16-9806-93A861A037EF}.Debug|Any CPU.ActiveCfg = Debug|Any CPU
		{9BECA2EB-6323-4B16-9806-93A861A037EF}.Debug|Any CPU.Build.0 = Debug|Any CPU
		{9BECA2EB-6323-4B16-9806-93A861A037EF}.Debug|x86.ActiveCfg = Debug|Any CPU
		{9BECA2EB-6323-4B16-9806-93A861A037EF}.Debug|x86.Build.0 = Debug|Any CPU
		{9BECA2EB-6323-4B16-9806-93A861A037EF}.Release|Any CPU.ActiveCfg = Release|Any CPU
		{9BECA2EB-6323-4B16-9806-93A861A037EF}.Release|Any CPU.Build.0 = Release|Any CPU
		{9BECA2EB-6323-4B16-9806-93A861A037EF}.Release|x86.ActiveCfg = Release|Any CPU
		{9BECA2EB-6323-4B16-9806-93A861A037EF}.Release|x86.Build.0 = Release|Any CPU
		{4CA2FD0C-7F3F-47A0-872F-F600529F68A6}.Debug|Any CPU.ActiveCfg = Debug|Any CPU
		{4CA2FD0C-7F3F-47A0-872F-F600529F68A6}.Debug|Any CPU.Build.0 = Debug|Any CPU
		{4CA2FD0C-7F3F-47A0-872F-F600529F68A6}.Debug|x86.ActiveCfg = Debug|Any CPU
		{4CA2FD0C-7F3F-47A0-872F-F600529F68A6}.Debug|x86.Build.0 = Debug|Any CPU
		{4CA2FD0C-7F3F-47A0-872F-F600529F68A6}.Release|Any CPU.ActiveCfg = Release|Any CPU
		{4CA2FD0C-7F3F-47A0-872F-F600529F68A6}.Release|Any CPU.Build.0 = Release|Any CPU
		{4CA2FD0C-7F3F-47A0-872F-F600529F68A6}.Release|x86.ActiveCfg = Release|Any CPU
		{4CA2FD0C-7F3F-47A0-872F-F600529F68A6}.Release|x86.Build.0 = Release|Any CPU
		{CEB61362-762F-4186-9A31-D3E01E7068C5}.Debug|Any CPU.ActiveCfg = Debug|Any CPU
		{CEB61362-762F-4186-9A31-D3E01E7068C5}.Debug|Any CPU.Build.0 = Debug|Any CPU
		{CEB61362-762F-4186-9A31-D3E01E7068C5}.Debug|x86.ActiveCfg = Debug|Any CPU
		{CEB61362-762F-4186-9A31-D3E01E7068C5}.Debug|x86.Build.0 = Debug|Any CPU
		{CEB61362-762F-4186-9A31-D3E01E7068C5}.Release|Any CPU.ActiveCfg = Release|Any CPU
		{CEB61362-762F-4186-9A31-D3E01E7068C5}.Release|Any CPU.Build.0 = Release|Any CPU
		{CEB61362-762F-4186-9A31-D3E01E7068C5}.Release|x86.ActiveCfg = Release|Any CPU
		{CEB61362-762F-4186-9A31-D3E01E7068C5}.Release|x86.Build.0 = Release|Any CPU
		{07404705-FC6D-4904-A546-FEE07303C3D2}.Debug|Any CPU.ActiveCfg = Debug|Any CPU
		{07404705-FC6D-4904-A546-FEE07303C3D2}.Debug|Any CPU.Build.0 = Debug|Any CPU
		{07404705-FC6D-4904-A546-FEE07303C3D2}.Debug|x86.ActiveCfg = Debug|Any CPU
		{07404705-FC6D-4904-A546-FEE07303C3D2}.Debug|x86.Build.0 = Debug|Any CPU
		{07404705-FC6D-4904-A546-FEE07303C3D2}.Release|Any CPU.ActiveCfg = Release|Any CPU
		{07404705-FC6D-4904-A546-FEE07303C3D2}.Release|Any CPU.Build.0 = Release|Any CPU
		{07404705-FC6D-4904-A546-FEE07303C3D2}.Release|x86.ActiveCfg = Release|Any CPU
		{07404705-FC6D-4904-A546-FEE07303C3D2}.Release|x86.Build.0 = Release|Any CPU
		{D42D33D0-A285-453A-955C-EE519AADB6B6}.Debug|Any CPU.ActiveCfg = Debug|Any CPU
		{D42D33D0-A285-453A-955C-EE519AADB6B6}.Debug|Any CPU.Build.0 = Debug|Any CPU
		{D42D33D0-A285-453A-955C-EE519AADB6B6}.Debug|x86.ActiveCfg = Debug|Any CPU
		{D42D33D0-A285-453A-955C-EE519AADB6B6}.Debug|x86.Build.0 = Debug|Any CPU
		{D42D33D0-A285-453A-955C-EE519AADB6B6}.Release|Any CPU.ActiveCfg = Release|Any CPU
		{D42D33D0-A285-453A-955C-EE519AADB6B6}.Release|Any CPU.Build.0 = Release|Any CPU
		{D42D33D0-A285-453A-955C-EE519AADB6B6}.Release|x86.ActiveCfg = Release|Any CPU
		{D42D33D0-A285-453A-955C-EE519AADB6B6}.Release|x86.Build.0 = Release|Any CPU
		{CA9B017D-A99B-4087-A85F-DCEA2A9F0168}.Debug|Any CPU.ActiveCfg = Debug|Any CPU
		{CA9B017D-A99B-4087-A85F-DCEA2A9F0168}.Debug|Any CPU.Build.0 = Debug|Any CPU
		{CA9B017D-A99B-4087-A85F-DCEA2A9F0168}.Debug|x86.ActiveCfg = Debug|Any CPU
		{CA9B017D-A99B-4087-A85F-DCEA2A9F0168}.Debug|x86.Build.0 = Debug|Any CPU
		{CA9B017D-A99B-4087-A85F-DCEA2A9F0168}.Release|Any CPU.ActiveCfg = Release|Any CPU
		{CA9B017D-A99B-4087-A85F-DCEA2A9F0168}.Release|Any CPU.Build.0 = Release|Any CPU
		{CA9B017D-A99B-4087-A85F-DCEA2A9F0168}.Release|x86.ActiveCfg = Release|Any CPU
		{CA9B017D-A99B-4087-A85F-DCEA2A9F0168}.Release|x86.Build.0 = Release|Any CPU
		{9BDDC02F-04C1-412E-AAB7-EDE638275EED}.Debug|Any CPU.ActiveCfg = Debug|Any CPU
		{9BDDC02F-04C1-412E-AAB7-EDE638275EED}.Debug|Any CPU.Build.0 = Debug|Any CPU
		{9BDDC02F-04C1-412E-AAB7-EDE638275EED}.Debug|x86.ActiveCfg = Debug|Any CPU
		{9BDDC02F-04C1-412E-AAB7-EDE638275EED}.Debug|x86.Build.0 = Debug|Any CPU
		{9BDDC02F-04C1-412E-AAB7-EDE638275EED}.Release|Any CPU.ActiveCfg = Release|Any CPU
		{9BDDC02F-04C1-412E-AAB7-EDE638275EED}.Release|Any CPU.Build.0 = Release|Any CPU
		{9BDDC02F-04C1-412E-AAB7-EDE638275EED}.Release|x86.ActiveCfg = Release|Any CPU
		{9BDDC02F-04C1-412E-AAB7-EDE638275EED}.Release|x86.Build.0 = Release|Any CPU
		{B6E82191-713C-4668-BABD-1C3A3C437C50}.Debug|Any CPU.ActiveCfg = Debug|Any CPU
		{B6E82191-713C-4668-BABD-1C3A3C437C50}.Debug|Any CPU.Build.0 = Debug|Any CPU
		{B6E82191-713C-4668-BABD-1C3A3C437C50}.Debug|x86.ActiveCfg = Debug|Any CPU
		{B6E82191-713C-4668-BABD-1C3A3C437C50}.Debug|x86.Build.0 = Debug|Any CPU
		{B6E82191-713C-4668-BABD-1C3A3C437C50}.Release|Any CPU.ActiveCfg = Release|Any CPU
		{B6E82191-713C-4668-BABD-1C3A3C437C50}.Release|Any CPU.Build.0 = Release|Any CPU
		{B6E82191-713C-4668-BABD-1C3A3C437C50}.Release|x86.ActiveCfg = Release|Any CPU
		{B6E82191-713C-4668-BABD-1C3A3C437C50}.Release|x86.Build.0 = Release|Any CPU
		{A1AA4F41-146C-4790-A586-17CC1A49AA53}.Debug|Any CPU.ActiveCfg = Debug|Any CPU
		{A1AA4F41-146C-4790-A586-17CC1A49AA53}.Debug|Any CPU.Build.0 = Debug|Any CPU
		{A1AA4F41-146C-4790-A586-17CC1A49AA53}.Debug|x86.ActiveCfg = Debug|Any CPU
		{A1AA4F41-146C-4790-A586-17CC1A49AA53}.Debug|x86.Build.0 = Debug|Any CPU
		{A1AA4F41-146C-4790-A586-17CC1A49AA53}.Release|Any CPU.ActiveCfg = Release|Any CPU
		{A1AA4F41-146C-4790-A586-17CC1A49AA53}.Release|Any CPU.Build.0 = Release|Any CPU
		{A1AA4F41-146C-4790-A586-17CC1A49AA53}.Release|x86.ActiveCfg = Release|Any CPU
		{A1AA4F41-146C-4790-A586-17CC1A49AA53}.Release|x86.Build.0 = Release|Any CPU
		{A1BCBFC1-CDEA-4440-9B53-4A71014060AD}.Debug|Any CPU.ActiveCfg = Debug|Any CPU
		{A1BCBFC1-CDEA-4440-9B53-4A71014060AD}.Debug|Any CPU.Build.0 = Debug|Any CPU
		{A1BCBFC1-CDEA-4440-9B53-4A71014060AD}.Debug|x86.ActiveCfg = Debug|Any CPU
		{A1BCBFC1-CDEA-4440-9B53-4A71014060AD}.Debug|x86.Build.0 = Debug|Any CPU
		{A1BCBFC1-CDEA-4440-9B53-4A71014060AD}.Release|Any CPU.ActiveCfg = Release|Any CPU
		{A1BCBFC1-CDEA-4440-9B53-4A71014060AD}.Release|Any CPU.Build.0 = Release|Any CPU
		{A1BCBFC1-CDEA-4440-9B53-4A71014060AD}.Release|x86.ActiveCfg = Release|Any CPU
		{A1BCBFC1-CDEA-4440-9B53-4A71014060AD}.Release|x86.Build.0 = Release|Any CPU
		{E9971165-B79F-4D2E-8937-6A9F85B7BF30}.Debug|Any CPU.ActiveCfg = Debug|Any CPU
		{E9971165-B79F-4D2E-8937-6A9F85B7BF30}.Debug|Any CPU.Build.0 = Debug|Any CPU
		{E9971165-B79F-4D2E-8937-6A9F85B7BF30}.Debug|x86.ActiveCfg = Debug|Any CPU
		{E9971165-B79F-4D2E-8937-6A9F85B7BF30}.Debug|x86.Build.0 = Debug|Any CPU
		{E9971165-B79F-4D2E-8937-6A9F85B7BF30}.Release|Any CPU.ActiveCfg = Release|Any CPU
		{E9971165-B79F-4D2E-8937-6A9F85B7BF30}.Release|Any CPU.Build.0 = Release|Any CPU
		{E9971165-B79F-4D2E-8937-6A9F85B7BF30}.Release|x86.ActiveCfg = Release|Any CPU
		{E9971165-B79F-4D2E-8937-6A9F85B7BF30}.Release|x86.Build.0 = Release|Any CPU
		{22F6A4EF-A93B-4E0F-99AB-F65FDB62E5C9}.Debug|Any CPU.ActiveCfg = Debug|Any CPU
		{22F6A4EF-A93B-4E0F-99AB-F65FDB62E5C9}.Debug|Any CPU.Build.0 = Debug|Any CPU
		{22F6A4EF-A93B-4E0F-99AB-F65FDB62E5C9}.Debug|x86.ActiveCfg = Debug|Any CPU
		{22F6A4EF-A93B-4E0F-99AB-F65FDB62E5C9}.Debug|x86.Build.0 = Debug|Any CPU
		{22F6A4EF-A93B-4E0F-99AB-F65FDB62E5C9}.Release|Any CPU.ActiveCfg = Release|Any CPU
		{22F6A4EF-A93B-4E0F-99AB-F65FDB62E5C9}.Release|Any CPU.Build.0 = Release|Any CPU
		{22F6A4EF-A93B-4E0F-99AB-F65FDB62E5C9}.Release|x86.ActiveCfg = Release|Any CPU
		{22F6A4EF-A93B-4E0F-99AB-F65FDB62E5C9}.Release|x86.Build.0 = Release|Any CPU
		{F2FAD384-8989-41A6-8A67-58DADEECCD20}.Debug|Any CPU.ActiveCfg = Debug|Any CPU
		{F2FAD384-8989-41A6-8A67-58DADEECCD20}.Debug|Any CPU.Build.0 = Debug|Any CPU
		{F2FAD384-8989-41A6-8A67-58DADEECCD20}.Debug|x86.ActiveCfg = Debug|Any CPU
		{F2FAD384-8989-41A6-8A67-58DADEECCD20}.Debug|x86.Build.0 = Debug|Any CPU
		{F2FAD384-8989-41A6-8A67-58DADEECCD20}.Release|Any CPU.ActiveCfg = Release|Any CPU
		{F2FAD384-8989-41A6-8A67-58DADEECCD20}.Release|Any CPU.Build.0 = Release|Any CPU
		{F2FAD384-8989-41A6-8A67-58DADEECCD20}.Release|x86.ActiveCfg = Release|Any CPU
		{F2FAD384-8989-41A6-8A67-58DADEECCD20}.Release|x86.Build.0 = Release|Any CPU
		{3DB4F84C-9CD1-4CBB-9EE3-925B6EC74DD7}.Debug|Any CPU.ActiveCfg = Debug|Any CPU
		{3DB4F84C-9CD1-4CBB-9EE3-925B6EC74DD7}.Debug|Any CPU.Build.0 = Debug|Any CPU
		{3DB4F84C-9CD1-4CBB-9EE3-925B6EC74DD7}.Debug|x86.ActiveCfg = Debug|Any CPU
		{3DB4F84C-9CD1-4CBB-9EE3-925B6EC74DD7}.Debug|x86.Build.0 = Debug|Any CPU
		{3DB4F84C-9CD1-4CBB-9EE3-925B6EC74DD7}.Release|Any CPU.ActiveCfg = Release|Any CPU
		{3DB4F84C-9CD1-4CBB-9EE3-925B6EC74DD7}.Release|Any CPU.Build.0 = Release|Any CPU
		{3DB4F84C-9CD1-4CBB-9EE3-925B6EC74DD7}.Release|x86.ActiveCfg = Release|Any CPU
		{3DB4F84C-9CD1-4CBB-9EE3-925B6EC74DD7}.Release|x86.Build.0 = Release|Any CPU
		{CFB92635-52E7-44EF-A3C7-0B13EA009CDD}.Debug|Any CPU.ActiveCfg = Debug|Any CPU
		{CFB92635-52E7-44EF-A3C7-0B13EA009CDD}.Debug|Any CPU.Build.0 = Debug|Any CPU
		{CFB92635-52E7-44EF-A3C7-0B13EA009CDD}.Debug|x86.ActiveCfg = Debug|Any CPU
		{CFB92635-52E7-44EF-A3C7-0B13EA009CDD}.Debug|x86.Build.0 = Debug|Any CPU
		{CFB92635-52E7-44EF-A3C7-0B13EA009CDD}.Release|Any CPU.ActiveCfg = Release|Any CPU
		{CFB92635-52E7-44EF-A3C7-0B13EA009CDD}.Release|Any CPU.Build.0 = Release|Any CPU
		{CFB92635-52E7-44EF-A3C7-0B13EA009CDD}.Release|x86.ActiveCfg = Release|Any CPU
		{CFB92635-52E7-44EF-A3C7-0B13EA009CDD}.Release|x86.Build.0 = Release|Any CPU
		{B4E432B8-A0CF-483C-84C8-D131233FB5B0}.Debug|Any CPU.ActiveCfg = Debug|Any CPU
		{B4E432B8-A0CF-483C-84C8-D131233FB5B0}.Debug|Any CPU.Build.0 = Debug|Any CPU
		{B4E432B8-A0CF-483C-84C8-D131233FB5B0}.Debug|x86.ActiveCfg = Debug|Any CPU
		{B4E432B8-A0CF-483C-84C8-D131233FB5B0}.Debug|x86.Build.0 = Debug|Any CPU
		{B4E432B8-A0CF-483C-84C8-D131233FB5B0}.Release|Any CPU.ActiveCfg = Release|Any CPU
		{B4E432B8-A0CF-483C-84C8-D131233FB5B0}.Release|Any CPU.Build.0 = Release|Any CPU
		{B4E432B8-A0CF-483C-84C8-D131233FB5B0}.Release|x86.ActiveCfg = Release|Any CPU
		{B4E432B8-A0CF-483C-84C8-D131233FB5B0}.Release|x86.Build.0 = Release|Any CPU
		{641829A2-F3B4-48F4-AF44-3B016B1B990E}.Debug|Any CPU.ActiveCfg = Debug|Any CPU
		{641829A2-F3B4-48F4-AF44-3B016B1B990E}.Debug|Any CPU.Build.0 = Debug|Any CPU
		{641829A2-F3B4-48F4-AF44-3B016B1B990E}.Debug|x86.ActiveCfg = Debug|Any CPU
		{641829A2-F3B4-48F4-AF44-3B016B1B990E}.Debug|x86.Build.0 = Debug|Any CPU
		{641829A2-F3B4-48F4-AF44-3B016B1B990E}.Release|Any CPU.ActiveCfg = Release|Any CPU
		{641829A2-F3B4-48F4-AF44-3B016B1B990E}.Release|Any CPU.Build.0 = Release|Any CPU
		{641829A2-F3B4-48F4-AF44-3B016B1B990E}.Release|x86.ActiveCfg = Release|Any CPU
		{641829A2-F3B4-48F4-AF44-3B016B1B990E}.Release|x86.Build.0 = Release|Any CPU
		{9334FD0A-2315-4EED-8EF3-D28612C2A157}.Debug|Any CPU.ActiveCfg = Debug|Any CPU
		{9334FD0A-2315-4EED-8EF3-D28612C2A157}.Debug|Any CPU.Build.0 = Debug|Any CPU
		{9334FD0A-2315-4EED-8EF3-D28612C2A157}.Debug|x86.ActiveCfg = Debug|Any CPU
		{9334FD0A-2315-4EED-8EF3-D28612C2A157}.Debug|x86.Build.0 = Debug|Any CPU
		{9334FD0A-2315-4EED-8EF3-D28612C2A157}.Release|Any CPU.ActiveCfg = Release|Any CPU
		{9334FD0A-2315-4EED-8EF3-D28612C2A157}.Release|Any CPU.Build.0 = Release|Any CPU
		{9334FD0A-2315-4EED-8EF3-D28612C2A157}.Release|x86.ActiveCfg = Release|Any CPU
		{9334FD0A-2315-4EED-8EF3-D28612C2A157}.Release|x86.Build.0 = Release|Any CPU
		{F4DF7A04-B0EF-4CDB-832C-392C37AD1FCC}.Debug|Any CPU.ActiveCfg = Debug|Any CPU
		{F4DF7A04-B0EF-4CDB-832C-392C37AD1FCC}.Debug|Any CPU.Build.0 = Debug|Any CPU
		{F4DF7A04-B0EF-4CDB-832C-392C37AD1FCC}.Debug|x86.ActiveCfg = Debug|Any CPU
		{F4DF7A04-B0EF-4CDB-832C-392C37AD1FCC}.Debug|x86.Build.0 = Debug|Any CPU
		{F4DF7A04-B0EF-4CDB-832C-392C37AD1FCC}.Release|Any CPU.ActiveCfg = Release|Any CPU
		{F4DF7A04-B0EF-4CDB-832C-392C37AD1FCC}.Release|Any CPU.Build.0 = Release|Any CPU
		{F4DF7A04-B0EF-4CDB-832C-392C37AD1FCC}.Release|x86.ActiveCfg = Release|Any CPU
		{F4DF7A04-B0EF-4CDB-832C-392C37AD1FCC}.Release|x86.Build.0 = Release|Any CPU
		{7EF54AE8-8DC7-4E05-8729-5BF15B66E10D}.Debug|Any CPU.ActiveCfg = Debug|Any CPU
		{7EF54AE8-8DC7-4E05-8729-5BF15B66E10D}.Debug|Any CPU.Build.0 = Debug|Any CPU
		{7EF54AE8-8DC7-4E05-8729-5BF15B66E10D}.Debug|x86.ActiveCfg = Debug|Any CPU
		{7EF54AE8-8DC7-4E05-8729-5BF15B66E10D}.Debug|x86.Build.0 = Debug|Any CPU
		{7EF54AE8-8DC7-4E05-8729-5BF15B66E10D}.Release|Any CPU.ActiveCfg = Release|Any CPU
		{7EF54AE8-8DC7-4E05-8729-5BF15B66E10D}.Release|Any CPU.Build.0 = Release|Any CPU
		{7EF54AE8-8DC7-4E05-8729-5BF15B66E10D}.Release|x86.ActiveCfg = Release|Any CPU
		{7EF54AE8-8DC7-4E05-8729-5BF15B66E10D}.Release|x86.Build.0 = Release|Any CPU
		{8AE42A6D-5044-4BF9-8BDB-A315CDFBC6C3}.Debug|Any CPU.ActiveCfg = Debug|Any CPU
		{8AE42A6D-5044-4BF9-8BDB-A315CDFBC6C3}.Debug|Any CPU.Build.0 = Debug|Any CPU
		{8AE42A6D-5044-4BF9-8BDB-A315CDFBC6C3}.Debug|x86.ActiveCfg = Debug|Any CPU
		{8AE42A6D-5044-4BF9-8BDB-A315CDFBC6C3}.Debug|x86.Build.0 = Debug|Any CPU
		{8AE42A6D-5044-4BF9-8BDB-A315CDFBC6C3}.Release|Any CPU.ActiveCfg = Release|Any CPU
		{8AE42A6D-5044-4BF9-8BDB-A315CDFBC6C3}.Release|Any CPU.Build.0 = Release|Any CPU
		{8AE42A6D-5044-4BF9-8BDB-A315CDFBC6C3}.Release|x86.ActiveCfg = Release|Any CPU
		{8AE42A6D-5044-4BF9-8BDB-A315CDFBC6C3}.Release|x86.Build.0 = Release|Any CPU
		{33B9D348-1F64-42DB-B43A-37E95FECA61C}.Debug|Any CPU.ActiveCfg = Debug|Any CPU
		{33B9D348-1F64-42DB-B43A-37E95FECA61C}.Debug|Any CPU.Build.0 = Debug|Any CPU
		{33B9D348-1F64-42DB-B43A-37E95FECA61C}.Debug|x86.ActiveCfg = Debug|Any CPU
		{33B9D348-1F64-42DB-B43A-37E95FECA61C}.Debug|x86.Build.0 = Debug|Any CPU
		{33B9D348-1F64-42DB-B43A-37E95FECA61C}.Release|Any CPU.ActiveCfg = Release|Any CPU
		{33B9D348-1F64-42DB-B43A-37E95FECA61C}.Release|Any CPU.Build.0 = Release|Any CPU
		{33B9D348-1F64-42DB-B43A-37E95FECA61C}.Release|x86.ActiveCfg = Release|Any CPU
		{33B9D348-1F64-42DB-B43A-37E95FECA61C}.Release|x86.Build.0 = Release|Any CPU
		{81F3FCA2-0810-419F-A660-2707C35B3BB6}.Debug|Any CPU.ActiveCfg = Debug|Any CPU
		{81F3FCA2-0810-419F-A660-2707C35B3BB6}.Debug|Any CPU.Build.0 = Debug|Any CPU
		{81F3FCA2-0810-419F-A660-2707C35B3BB6}.Debug|x86.ActiveCfg = Debug|Any CPU
		{81F3FCA2-0810-419F-A660-2707C35B3BB6}.Debug|x86.Build.0 = Debug|Any CPU
		{81F3FCA2-0810-419F-A660-2707C35B3BB6}.Release|Any CPU.ActiveCfg = Release|Any CPU
		{81F3FCA2-0810-419F-A660-2707C35B3BB6}.Release|Any CPU.Build.0 = Release|Any CPU
		{81F3FCA2-0810-419F-A660-2707C35B3BB6}.Release|x86.ActiveCfg = Release|Any CPU
		{81F3FCA2-0810-419F-A660-2707C35B3BB6}.Release|x86.Build.0 = Release|Any CPU
		{5CA534EB-AF95-44CA-9683-381CA443C48A}.Debug|Any CPU.ActiveCfg = Debug|Any CPU
		{5CA534EB-AF95-44CA-9683-381CA443C48A}.Debug|Any CPU.Build.0 = Debug|Any CPU
		{5CA534EB-AF95-44CA-9683-381CA443C48A}.Debug|x86.ActiveCfg = Debug|Any CPU
		{5CA534EB-AF95-44CA-9683-381CA443C48A}.Debug|x86.Build.0 = Debug|Any CPU
		{5CA534EB-AF95-44CA-9683-381CA443C48A}.Release|Any CPU.ActiveCfg = Release|Any CPU
		{5CA534EB-AF95-44CA-9683-381CA443C48A}.Release|Any CPU.Build.0 = Release|Any CPU
		{5CA534EB-AF95-44CA-9683-381CA443C48A}.Release|x86.ActiveCfg = Release|Any CPU
		{5CA534EB-AF95-44CA-9683-381CA443C48A}.Release|x86.Build.0 = Release|Any CPU
		{F2DFD83E-7FD0-4C76-9DFC-ADF7CFEF90F1}.Debug|Any CPU.ActiveCfg = Debug|Any CPU
		{F2DFD83E-7FD0-4C76-9DFC-ADF7CFEF90F1}.Debug|Any CPU.Build.0 = Debug|Any CPU
		{F2DFD83E-7FD0-4C76-9DFC-ADF7CFEF90F1}.Debug|x86.ActiveCfg = Debug|Any CPU
		{F2DFD83E-7FD0-4C76-9DFC-ADF7CFEF90F1}.Debug|x86.Build.0 = Debug|Any CPU
		{F2DFD83E-7FD0-4C76-9DFC-ADF7CFEF90F1}.Release|Any CPU.ActiveCfg = Release|Any CPU
		{F2DFD83E-7FD0-4C76-9DFC-ADF7CFEF90F1}.Release|Any CPU.Build.0 = Release|Any CPU
		{F2DFD83E-7FD0-4C76-9DFC-ADF7CFEF90F1}.Release|x86.ActiveCfg = Release|Any CPU
		{F2DFD83E-7FD0-4C76-9DFC-ADF7CFEF90F1}.Release|x86.Build.0 = Release|Any CPU
	EndGlobalSection
	GlobalSection(SolutionProperties) = preSolution
		HideSolutionNode = FALSE
	EndGlobalSection
	GlobalSection(NestedProjects) = preSolution
		{B21DCB00-B47A-460C-9E13-E7E8A031E831} = {E90ED859-60ED-49A0-8BA2-A351D82F998B}
		{DD68A459-27FD-4A78-AE2D-709CA13C7114} = {4105ADCD-6A53-4B7B-8556-07CBF668BA16}
		{A5A372E3-5E9C-433B-B91A-46AE33F50350} = {4105ADCD-6A53-4B7B-8556-07CBF668BA16}
		{54DB5DA6-22DC-42B0-AFDC-644893ACAD4B} = {4105ADCD-6A53-4B7B-8556-07CBF668BA16}
		{5870793C-97E4-469F-B3FC-B42F27F7680E} = {4105ADCD-6A53-4B7B-8556-07CBF668BA16}
		{62E48626-302B-449D-8EF5-98F3259126CA} = {4105ADCD-6A53-4B7B-8556-07CBF668BA16}
		{72581702-4AB2-4849-AB30-4D249995F254} = {4105ADCD-6A53-4B7B-8556-07CBF668BA16}
		{CA276DB5-AA0D-4C88-B986-498D8BBF9AE8} = {4105ADCD-6A53-4B7B-8556-07CBF668BA16}
		{E90ED859-60ED-49A0-8BA2-A351D82F998B} = {0BF45AE2-58B6-4FAB-9AFB-4DC3A9D51415}
		{212A95AF-5870-47E0-95CA-7A888091EA8E} = {4105ADCD-6A53-4B7B-8556-07CBF668BA16}
		{14D7E205-150C-4DF7-9CE8-B5F8E6D6635E} = {4105ADCD-6A53-4B7B-8556-07CBF668BA16}
		{D88B7501-E0BC-4C28-B74A-E3187F9A14E3} = {0BF45AE2-58B6-4FAB-9AFB-4DC3A9D51415}
		{2FA3ED16-7BE7-4FF8-971C-6810F31F7078} = {D88B7501-E0BC-4C28-B74A-E3187F9A14E3}
		{C1031F20-6A47-47A2-B618-B560E08F53AF} = {D88B7501-E0BC-4C28-B74A-E3187F9A14E3}
		{F7E72F74-7649-4A5B-94BE-F0FA18A8BFF8} = {D88B7501-E0BC-4C28-B74A-E3187F9A14E3}
		{5DC2415A-468C-4528-BCED-798D80BB5D10} = {D88B7501-E0BC-4C28-B74A-E3187F9A14E3}
		{7287C0B9-FC16-4C01-87EE-8D2F1BB4DB5B} = {DF87AC55-3A8D-43B5-8B4E-7EF61C681BEF}
		{3595EBE2-0731-4A32-8500-0459E6C36E54} = {D88B7501-E0BC-4C28-B74A-E3187F9A14E3}
		{9BECA2EB-6323-4B16-9806-93A861A037EF} = {E90ED859-60ED-49A0-8BA2-A351D82F998B}
		{4CA2FD0C-7F3F-47A0-872F-F600529F68A6} = {DF87AC55-3A8D-43B5-8B4E-7EF61C681BEF}
		{CEB61362-762F-4186-9A31-D3E01E7068C5} = {4105ADCD-6A53-4B7B-8556-07CBF668BA16}
		{07404705-FC6D-4904-A546-FEE07303C3D2} = {D88B7501-E0BC-4C28-B74A-E3187F9A14E3}
		{D42D33D0-A285-453A-955C-EE519AADB6B6} = {4105ADCD-6A53-4B7B-8556-07CBF668BA16}
		{CA9B017D-A99B-4087-A85F-DCEA2A9F0168} = {4105ADCD-6A53-4B7B-8556-07CBF668BA16}
		{9BDDC02F-04C1-412E-AAB7-EDE638275EED} = {4105ADCD-6A53-4B7B-8556-07CBF668BA16}
		{B6E82191-713C-4668-BABD-1C3A3C437C50} = {4105ADCD-6A53-4B7B-8556-07CBF668BA16}
		{A1AA4F41-146C-4790-A586-17CC1A49AA53} = {93C2AA56-7003-441B-87AF-E0AC118328E3}
		{A1BCBFC1-CDEA-4440-9B53-4A71014060AD} = {DF87AC55-3A8D-43B5-8B4E-7EF61C681BEF}
		{E9971165-B79F-4D2E-8937-6A9F85B7BF30} = {692C20F2-4947-4392-9E4D-55DDDCACA9FE}
		{22F6A4EF-A93B-4E0F-99AB-F65FDB62E5C9} = {692C20F2-4947-4392-9E4D-55DDDCACA9FE}
		{F2FAD384-8989-41A6-8A67-58DADEECCD20} = {692C20F2-4947-4392-9E4D-55DDDCACA9FE}
		{3DB4F84C-9CD1-4CBB-9EE3-925B6EC74DD7} = {692C20F2-4947-4392-9E4D-55DDDCACA9FE}
		{CFB92635-52E7-44EF-A3C7-0B13EA009CDD} = {692C20F2-4947-4392-9E4D-55DDDCACA9FE}
		{B4E432B8-A0CF-483C-84C8-D131233FB5B0} = {DF87AC55-3A8D-43B5-8B4E-7EF61C681BEF}
		{641829A2-F3B4-48F4-AF44-3B016B1B990E} = {692C20F2-4947-4392-9E4D-55DDDCACA9FE}
		{9334FD0A-2315-4EED-8EF3-D28612C2A157} = {4105ADCD-6A53-4B7B-8556-07CBF668BA16}
		{F4DF7A04-B0EF-4CDB-832C-392C37AD1FCC} = {E90ED859-60ED-49A0-8BA2-A351D82F998B}
		{7EF54AE8-8DC7-4E05-8729-5BF15B66E10D} = {E90ED859-60ED-49A0-8BA2-A351D82F998B}
		{8AE42A6D-5044-4BF9-8BDB-A315CDFBC6C3} = {692C20F2-4947-4392-9E4D-55DDDCACA9FE}
		{33B9D348-1F64-42DB-B43A-37E95FECA61C} = {4105ADCD-6A53-4B7B-8556-07CBF668BA16}
		{81F3FCA2-0810-419F-A660-2707C35B3BB6} = {4105ADCD-6A53-4B7B-8556-07CBF668BA16}
		{5CA534EB-AF95-44CA-9683-381CA443C48A} = {93C2AA56-7003-441B-87AF-E0AC118328E3}
		{E2592742-C0D9-4C9D-AD4D-792981922C7D} = {0BF45AE2-58B6-4FAB-9AFB-4DC3A9D51415}
		{F2DFD83E-7FD0-4C76-9DFC-ADF7CFEF90F1} = {E2592742-C0D9-4C9D-AD4D-792981922C7D}
	EndGlobalSection
	GlobalSection(ExtensibilityGlobals) = postSolution
		SolutionGuid = {6B907388-3CA3-4FA3-97B7-23007490A2C8}
	EndGlobalSection
EndGlobal
