
Microsoft Visual Studio Solution File, Format Version 12.00
# Visual Studio 14
VisualStudioVersion = 14.0.23107.0
MinimumVisualStudioVersion = 10.0.40219.1
Project("{FAE04EC0-301F-11D3-BF4B-00C04F79EFBC}") = "LEDDemo", "LEDDemo\LEDDemo.csproj", "{A11A9DE3-24CF-489C-992D-63697381538C}"
EndProject
Project("{FAE04EC0-301F-11D3-BF4B-00C04F79EFBC}") = "LXLedControl", "LXLedControl\LXLedControl.csproj", "{1EACA411-AB69-4678-BC40-84D6AE1E47C3}"
EndProject
Project("{FAE04EC0-301F-11D3-BF4B-00C04F79EFBC}") = "LEDAPPConsole", "LEDAPPConsole\LEDAPPConsole.csproj", "{10F07291-7386-4F2E-8CF1-7A1ED4363C03}"
EndProject
Global
	GlobalSection(SolutionConfigurationPlatforms) = preSolution
		Debug|Any CPU = Debug|Any CPU
		Release|Any CPU = Release|Any CPU
	EndGlobalSection
	GlobalSection(ProjectConfigurationPlatforms) = postSolution
		{A11A9DE3-24CF-489C-992D-63697381538C}.Debug|Any CPU.ActiveCfg = Debug|Any CPU
		{A11A9DE3-24CF-489C-992D-63697381538C}.Debug|Any CPU.Build.0 = Debug|Any CPU
		{A11A9DE3-24CF-489C-992D-63697381538C}.Release|Any CPU.ActiveCfg = Release|Any CPU
		{A11A9DE3-24CF-489C-992D-63697381538C}.Release|Any CPU.Build.0 = Release|Any CPU
		{1EACA411-AB69-4678-BC40-84D6AE1E47C3}.Debug|Any CPU.ActiveCfg = Debug|Any CPU
		{1EACA411-AB69-4678-BC40-84D6AE1E47C3}.Debug|Any CPU.Build.0 = Debug|Any CPU
		{1EACA411-AB69-4678-BC40-84D6AE1E47C3}.Release|Any CPU.ActiveCfg = Release|Any CPU
		{1EACA411-AB69-4678-BC40-84D6AE1E47C3}.Release|Any CPU.Build.0 = Release|Any CPU
		{10F07291-7386-4F2E-8CF1-7A1ED4363C03}.Debug|Any CPU.ActiveCfg = Debug|Any CPU
		{10F07291-7386-4F2E-8CF1-7A1ED4363C03}.Debug|Any CPU.Build.0 = Debug|Any CPU
		{10F07291-7386-4F2E-8CF1-7A1ED4363C03}.Release|Any CPU.ActiveCfg = Release|Any CPU
		{10F07291-7386-4F2E-8CF1-7A1ED4363C03}.Release|Any CPU.Build.0 = Release|Any CPU
	EndGlobalSection
	GlobalSection(SolutionProperties) = preSolution
		HideSolutionNode = FALSE
	EndGlobalSection
	GlobalSection(ExtensibilityGlobals) = postSolution
		SolutionGuid = {DCD8D741-F58A-4AA9-8E13-99407C6E7D7A}
	EndGlobalSection
EndGlobal
