
Microsoft Visual Studio Solution File, Format Version 12.00
# Visual Studio 2012
Project("{FAE04EC0-301F-11D3-BF4B-00C04F79EFBC}") = "Reader2100Demo", "Reader2100Demo\Reader2100Demo.csproj", "{48623F22-7B86-462B-B2A8-15DF8B4EDBB6}"
EndProject
Global
	GlobalSection(SolutionConfigurationPlatforms) = preSolution
		Debug|Any CPU = Debug|Any CPU
		Release|Any CPU = Release|Any CPU
	EndGlobalSection
	GlobalSection(ProjectConfigurationPlatforms) = postSolution
		{48623F22-7B86-462B-B2A8-15DF8B4EDBB6}.Debug|Any CPU.ActiveCfg = Debug|Any CPU
		{48623F22-7B86-462B-B2A8-15DF8B4EDBB6}.Debug|Any CPU.Build.0 = Debug|Any CPU
		{48623F22-7B86-462B-B2A8-15DF8B4EDBB6}.Release|Any CPU.ActiveCfg = Release|Any CPU
		{48623F22-7B86-462B-B2A8-15DF8B4EDBB6}.Release|Any CPU.Build.0 = Release|Any CPU
	EndGlobalSection
	GlobalSection(SolutionProperties) = preSolution
		HideSolutionNode = FALSE
	EndGlobalSection
EndGlobal
